// !$*UTF8*$!
{
	archiveVersion = 1;
	classes = {
	};
	objectVersion = 55;
	objects = {

/* Begin PBXBuildFile section */
		1A8B59F62B72304F00ED46B1 /* ApplicationInfoSection.swift in Sources */ = {isa = PBXBuildFile; fileRef = 1A8B59F52B72304F00ED46B1 /* ApplicationInfoSection.swift */; };
		1A8B59F92B72843800ED46B1 /* ApplicationInfo.swift in Sources */ = {isa = PBXBuildFile; fileRef = 1A8B59F82B72843800ED46B1 /* ApplicationInfo.swift */; };
		1A8C31102BFF20DA0000BFA6 /* SampleUser.swift in Sources */ = {isa = PBXBuildFile; fileRef = 1A8C310F2BFF20DA0000BFA6 /* SampleUser.swift */; };
		E514687829C9CC41005E057D /* String+Localization.swift in Sources */ = {isa = PBXBuildFile; fileRef = E514687729C9CC41005E057D /* String+Localization.swift */; };
		E51FD38C29D6F2D2000897D9 /* Localizable.strings in Resources */ = {isa = PBXBuildFile; fileRef = E51FD38A29D6F2D2000897D9 /* Localizable.strings */; };
		E534D10E2B03810800A6EF62 /* ListIconView.swift in Sources */ = {isa = PBXBuildFile; fileRef = E534D10D2B03810800A6EF62 /* ListIconView.swift */; };
		E5590DF629C21F59006E593B /* TagsView.swift in Sources */ = {isa = PBXBuildFile; fileRef = E5590DF529C21F59006E593B /* TagsView.swift */; };
		E5590DF829C2273A006E593B /* TagsViewModel.swift in Sources */ = {isa = PBXBuildFile; fileRef = E5590DF729C2273A006E593B /* TagsViewModel.swift */; };
		E5590DFE29C2310F006E593B /* SelectableChipView.swift in Sources */ = {isa = PBXBuildFile; fileRef = E5590DFD29C2310F006E593B /* SelectableChipView.swift */; };
		E5590E0629C33389006E593B /* Date+Utilities.swift in Sources */ = {isa = PBXBuildFile; fileRef = E5590E0529C33389006E593B /* Date+Utilities.swift */; };
		E5590E0A29C33540006E593B /* AsyncImageCompat.swift in Sources */ = {isa = PBXBuildFile; fileRef = E5590E0929C33540006E593B /* AsyncImageCompat.swift */; };
		E5590E0C29C33586006E593B /* AsyncImageCompat+ImageLoader.swift in Sources */ = {isa = PBXBuildFile; fileRef = E5590E0B29C33586006E593B /* AsyncImageCompat+ImageLoader.swift */; };
		E5590E0E29C335BA006E593B /* AsyncImageCompat+ImageCache.swift in Sources */ = {isa = PBXBuildFile; fileRef = E5590E0D29C335BA006E593B /* AsyncImageCompat+ImageCache.swift */; };
		E5590E1429C359B9006E593B /* Notification.Name+Custom.swift in Sources */ = {isa = PBXBuildFile; fileRef = E5590E1329C359B9006E593B /* Notification.Name+Custom.swift */; };
		E5590E3329C47524006E593B /* EventsView.swift in Sources */ = {isa = PBXBuildFile; fileRef = E5590E3229C47524006E593B /* EventsView.swift */; };
		E5590E3529C4760E006E593B /* EventsViewModel.swift in Sources */ = {isa = PBXBuildFile; fileRef = E5590E3429C4760E006E593B /* EventsViewModel.swift */; };
		E59CFC0D29CB6CC70024057A /* BadgeView.swift in Sources */ = {isa = PBXBuildFile; fileRef = E59CFC0C29CB6CC70024057A /* BadgeView.swift */; };
		E59CFC0F29CB6D330024057A /* DetermineSize.swift in Sources */ = {isa = PBXBuildFile; fileRef = E59CFC0E29CB6D330024057A /* DetermineSize.swift */; };
		E5B26DA029C076F300B47C6D /* DeviceRegistrationSection.swift in Sources */ = {isa = PBXBuildFile; fileRef = E5B26D9F29C076F300B47C6D /* DeviceRegistrationSection.swift */; };
		E5BF89E92DC918C4008FD3DE /* ActitoScannablesKit.framework in Frameworks */ = {isa = PBXBuildFile; fileRef = E5BF89E82DC918C4008FD3DE /* ActitoScannablesKit.framework */; };
		E5BF89EA2DC918C4008FD3DE /* ActitoScannablesKit.framework in Embed Frameworks */ = {isa = PBXBuildFile; fileRef = E5BF89E82DC918C4008FD3DE /* ActitoScannablesKit.framework */; settings = {ATTRIBUTES = (CodeSignOnCopy, RemoveHeadersOnCopy, ); }; };
		E5BF89ED2DC918D8008FD3DE /* ScannablesView.swift in Sources */ = {isa = PBXBuildFile; fileRef = E5BF89EB2DC918D8008FD3DE /* ScannablesView.swift */; };
		E5BF89EF2DC9FC93008FD3DE /* ActitoInAppMessagingKit.framework in Frameworks */ = {isa = PBXBuildFile; fileRef = E5BF89EE2DC9FC93008FD3DE /* ActitoInAppMessagingKit.framework */; };
		E5BF89F02DC9FC93008FD3DE /* ActitoInAppMessagingKit.framework in Embed Frameworks */ = {isa = PBXBuildFile; fileRef = E5BF89EE2DC9FC93008FD3DE /* ActitoInAppMessagingKit.framework */; settings = {ATTRIBUTES = (CodeSignOnCopy, RemoveHeadersOnCopy, ); }; };
		E5BF89F22DC9FCA3008FD3DE /* InAppMessagingSection.swift in Sources */ = {isa = PBXBuildFile; fileRef = E5BF89F12DC9FCA3008FD3DE /* InAppMessagingSection.swift */; };
		E5BF89F42DCA3AFD008FD3DE /* ActitoPushUIKit.framework in Frameworks */ = {isa = PBXBuildFile; fileRef = E5BF89F32DCA3AFD008FD3DE /* ActitoPushUIKit.framework */; };
		E5BF89F52DCA3AFD008FD3DE /* ActitoPushUIKit.framework in Embed Frameworks */ = {isa = PBXBuildFile; fileRef = E5BF89F32DCA3AFD008FD3DE /* ActitoPushUIKit.framework */; settings = {ATTRIBUTES = (CodeSignOnCopy, RemoveHeadersOnCopy, ); }; };
		E5BF89F72DCA3C79008FD3DE /* UIApplication+Notifications.swift in Sources */ = {isa = PBXBuildFile; fileRef = E5BF89F62DCA3C79008FD3DE /* UIApplication+Notifications.swift */; };
		E5BF8A642DCA5F02008FD3DE /* CoffeeBrewerActivityAttributes.swift in Sources */ = {isa = PBXBuildFile; fileRef = E5BF8A612DCA5F02008FD3DE /* CoffeeBrewerActivityAttributes.swift */; };
		E5BF8A652DCA5F02008FD3DE /* LiveActivitiesController.swift in Sources */ = {isa = PBXBuildFile; fileRef = E5BF8A622DCA5F02008FD3DE /* LiveActivitiesController.swift */; };
		E5BF8A6B2DCA5FC3008FD3DE /* NotificationsSection.swift in Sources */ = {isa = PBXBuildFile; fileRef = E5BF8A6A2DCA5FC3008FD3DE /* NotificationsSection.swift */; };
		E5BF8A712DCA6056008FD3DE /* WidgetKit.framework in Frameworks */ = {isa = PBXBuildFile; fileRef = F2EB43242935044D00AFDBD3 /* WidgetKit.framework */; };
		E5BF8A722DCA6056008FD3DE /* SwiftUI.framework in Frameworks */ = {isa = PBXBuildFile; fileRef = F2EB43262935044D00AFDBD3 /* SwiftUI.framework */; };
		E5BF8A7F2DCA6058008FD3DE /* WidgetExtension.appex in Embed Foundation Extensions */ = {isa = PBXBuildFile; fileRef = E5BF8A702DCA6056008FD3DE /* WidgetExtension.appex */; settings = {ATTRIBUTES = (RemoveHeadersOnCopy, ); }; };
		E5BF8AE62DCA657F008FD3DE /* Assets.xcassets in Resources */ = {isa = PBXBuildFile; fileRef = E5BF8ADF2DCA657F008FD3DE /* Assets.xcassets */; };
		E5BF8AE82DCA657F008FD3DE /* Localizable.strings in Resources */ = {isa = PBXBuildFile; fileRef = E5BF8AE22DCA657F008FD3DE /* Localizable.strings */; };
		E5BF8AE92DCA657F008FD3DE /* Localizable.stringsdict in Resources */ = {isa = PBXBuildFile; fileRef = E5BF8AE32DCA657F008FD3DE /* Localizable.stringsdict */; };
		E5BF8AEA2DCA657F008FD3DE /* CoffeeBrewerHeadlineView.swift in Sources */ = {isa = PBXBuildFile; fileRef = E5BF8AD92DCA657F008FD3DE /* CoffeeBrewerHeadlineView.swift */; };
		E5BF8AEB2DCA657F008FD3DE /* CoffeeBrewerLockScreenView.swift in Sources */ = {isa = PBXBuildFile; fileRef = E5BF8ADA2DCA657F008FD3DE /* CoffeeBrewerLockScreenView.swift */; };
		E5BF8AEC2DCA657F008FD3DE /* CoffeeBrewerStatusTrackerView.swift in Sources */ = {isa = PBXBuildFile; fileRef = E5BF8ADB2DCA657F008FD3DE /* CoffeeBrewerStatusTrackerView.swift */; };
		E5BF8AED2DCA657F008FD3DE /* CoffeeBrewer+Utilities.swift in Sources */ = {isa = PBXBuildFile; fileRef = E5BF8ADD2DCA657F008FD3DE /* CoffeeBrewer+Utilities.swift */; };
		E5BF8AEE2DCA657F008FD3DE /* CoffeeBrewerLiveActivity.swift in Sources */ = {isa = PBXBuildFile; fileRef = E5BF8AE02DCA657F008FD3DE /* CoffeeBrewerLiveActivity.swift */; };
		E5BF8AEF2DCA657F008FD3DE /* WidgetExtensionBundle.swift in Sources */ = {isa = PBXBuildFile; fileRef = E5BF8AE42DCA657F008FD3DE /* WidgetExtensionBundle.swift */; };
		E5BF8AF02DCA66C0008FD3DE /* CoffeeBrewerActivityAttributes.swift in Sources */ = {isa = PBXBuildFile; fileRef = E5BF8A612DCA5F02008FD3DE /* CoffeeBrewerActivityAttributes.swift */; };
		E5BF8AF42DCA676C008FD3DE /* LiveActivitiesSection.swift in Sources */ = {isa = PBXBuildFile; fileRef = E5BF8AF32DCA676C008FD3DE /* LiveActivitiesSection.swift */; };
		E5BF8AF62DCA6A38008FD3DE /* ActitoPushKit.framework in Frameworks */ = {isa = PBXBuildFile; fileRef = E5BF8AF52DCA6A38008FD3DE /* ActitoPushKit.framework */; };
		E5BF8AF72DCA6A38008FD3DE /* ActitoPushKit.framework in Embed Frameworks */ = {isa = PBXBuildFile; fileRef = E5BF8AF52DCA6A38008FD3DE /* ActitoPushKit.framework */; settings = {ATTRIBUTES = (CodeSignOnCopy, RemoveHeadersOnCopy, ); }; };
		E5BF8B032DCB691E008FD3DE /* NotificationService.appex in Embed Foundation Extensions */ = {isa = PBXBuildFile; fileRef = E5BF8AFC2DCB691D008FD3DE /* NotificationService.appex */; settings = {ATTRIBUTES = (RemoveHeadersOnCopy, ); }; };
		E5BF8B0F2DCB6A86008FD3DE /* ActitoNotificationServiceExtensionKit.framework in Frameworks */ = {isa = PBXBuildFile; fileRef = E5BF8B0E2DCB6A86008FD3DE /* ActitoNotificationServiceExtensionKit.framework */; };
		E5BF8B152DCB6AE5008FD3DE /* NotificationService.swift in Sources */ = {isa = PBXBuildFile; fileRef = E5BF8B132DCB6AE5008FD3DE /* NotificationService.swift */; };
		E5BF8B172DCBA422008FD3DE /* ActitoNotificationServiceExtensionKit.framework in Frameworks */ = {isa = PBXBuildFile; fileRef = E5BF8B0E2DCB6A86008FD3DE /* ActitoNotificationServiceExtensionKit.framework */; };
		E5BF8B182DCBA422008FD3DE /* ActitoNotificationServiceExtensionKit.framework in Embed Frameworks */ = {isa = PBXBuildFile; fileRef = E5BF8B0E2DCB6A86008FD3DE /* ActitoNotificationServiceExtensionKit.framework */; settings = {ATTRIBUTES = (CodeSignOnCopy, RemoveHeadersOnCopy, ); }; };
		E5BF8B1A2DCCF63A008FD3DE /* ActitoInboxKit.framework in Frameworks */ = {isa = PBXBuildFile; fileRef = E5BF8B192DCCF63A008FD3DE /* ActitoInboxKit.framework */; };
		E5BF8B1B2DCCF63A008FD3DE /* ActitoInboxKit.framework in Embed Frameworks */ = {isa = PBXBuildFile; fileRef = E5BF8B192DCCF63A008FD3DE /* ActitoInboxKit.framework */; settings = {ATTRIBUTES = (CodeSignOnCopy, RemoveHeadersOnCopy, ); }; };
		E5BF8B202DCCF658008FD3DE /* InboxItemView.swift in Sources */ = {isa = PBXBuildFile; fileRef = E5BF8B1E2DCCF658008FD3DE /* InboxItemView.swift */; };
		E5BF8B212DCCF658008FD3DE /* InboxViewModel.swift in Sources */ = {isa = PBXBuildFile; fileRef = E5BF8B1D2DCCF658008FD3DE /* InboxViewModel.swift */; };
		E5BF8B222DCCF658008FD3DE /* InboxView.swift in Sources */ = {isa = PBXBuildFile; fileRef = E5BF8B1C2DCCF658008FD3DE /* InboxView.swift */; };
		E5BF8B242DCDF440008FD3DE /* ActitoLoyaltyKit.framework in Frameworks */ = {isa = PBXBuildFile; fileRef = E5BF8B232DCDF440008FD3DE /* ActitoLoyaltyKit.framework */; };
		E5BF8B252DCDF440008FD3DE /* ActitoLoyaltyKit.framework in Embed Frameworks */ = {isa = PBXBuildFile; fileRef = E5BF8B232DCDF440008FD3DE /* ActitoLoyaltyKit.framework */; settings = {ATTRIBUTES = (CodeSignOnCopy, RemoveHeadersOnCopy, ); }; };
		E5BF8B272DCE17DB008FD3DE /* ActitoGeoKit.framework in Frameworks */ = {isa = PBXBuildFile; fileRef = E5BF8B262DCE17DB008FD3DE /* ActitoGeoKit.framework */; };
		E5BF8B282DCE17DB008FD3DE /* ActitoGeoKit.framework in Embed Frameworks */ = {isa = PBXBuildFile; fileRef = E5BF8B262DCE17DB008FD3DE /* ActitoGeoKit.framework */; settings = {ATTRIBUTES = (CodeSignOnCopy, RemoveHeadersOnCopy, ); }; };
		E5BF8B2A2DCE3542008FD3DE /* LocationSection.swift in Sources */ = {isa = PBXBuildFile; fileRef = E5BF8B292DCE3542008FD3DE /* LocationSection.swift */; };
		E5BF8B2F2DD23866008FD3DE /* BeaconRow.swift in Sources */ = {isa = PBXBuildFile; fileRef = E5BF8B2D2DD23866008FD3DE /* BeaconRow.swift */; };
		E5BF8B302DD23866008FD3DE /* BeaconsView.swift in Sources */ = {isa = PBXBuildFile; fileRef = E5BF8B2B2DD23866008FD3DE /* BeaconsView.swift */; };
		E5BF8B312DD23866008FD3DE /* BeaconsViewModel.swift in Sources */ = {isa = PBXBuildFile; fileRef = E5BF8B2C2DD23866008FD3DE /* BeaconsViewModel.swift */; };
		E5C78EF729BB5015006BF1F6 /* Main.swift in Sources */ = {isa = PBXBuildFile; fileRef = E5C78EF629BB5015006BF1F6 /* Main.swift */; };
		E5C78EF929BB57D7006BF1F6 /* HomeView.swift in Sources */ = {isa = PBXBuildFile; fileRef = E5C78EF829BB57D7006BF1F6 /* HomeView.swift */; };
		E5C78EFC29BB6DC5006BF1F6 /* LaunchFlowSection.swift in Sources */ = {isa = PBXBuildFile; fileRef = E5C78EFB29BB6DC5006BF1F6 /* LaunchFlowSection.swift */; };
		E5C78F0229BB8905006BF1F6 /* LaunchScreen.storyboard in Resources */ = {isa = PBXBuildFile; fileRef = E5C78EFF29BB8904006BF1F6 /* LaunchScreen.storyboard */; };
		E5C78F0529BB9A37006BF1F6 /* HomeViewModel.swift in Sources */ = {isa = PBXBuildFile; fileRef = E5C78F0429BB9A37006BF1F6 /* HomeViewModel.swift */; };
		E5C78F0929BBA15B006BF1F6 /* Logger.swift in Sources */ = {isa = PBXBuildFile; fileRef = E5C78F0829BBA15B006BF1F6 /* Logger.swift */; };
		E5C78F0D29BF4970006BF1F6 /* DoNotDisturbSection.swift in Sources */ = {isa = PBXBuildFile; fileRef = E5C78F0C29BF4970006BF1F6 /* DoNotDisturbSection.swift */; };
		E5E5249C2DBA743A0086A403 /* ActitoKit.framework in Frameworks */ = {isa = PBXBuildFile; fileRef = E5E5249A2DBA743A0086A403 /* ActitoKit.framework */; };
		E5E5249D2DBA743A0086A403 /* ActitoKit.framework in Embed Frameworks */ = {isa = PBXBuildFile; fileRef = E5E5249A2DBA743A0086A403 /* ActitoKit.framework */; settings = {ATTRIBUTES = (CodeSignOnCopy, RemoveHeadersOnCopy, ); }; };
		E5E5249E2DBA743A0086A403 /* ActitoUtilitiesKit.framework in Frameworks */ = {isa = PBXBuildFile; fileRef = E5E5249B2DBA743A0086A403 /* ActitoUtilitiesKit.framework */; };
		E5E5249F2DBA743A0086A403 /* ActitoUtilitiesKit.framework in Embed Frameworks */ = {isa = PBXBuildFile; fileRef = E5E5249B2DBA743A0086A403 /* ActitoUtilitiesKit.framework */; settings = {ATTRIBUTES = (CodeSignOnCopy, RemoveHeadersOnCopy, ); }; };
		E5E5EB542DC1093100B00B6A /* ActitoAssetsKit.framework in Frameworks */ = {isa = PBXBuildFile; fileRef = E5E5EB532DC1093100B00B6A /* ActitoAssetsKit.framework */; };
		E5E5EB552DC1093100B00B6A /* ActitoAssetsKit.framework in Embed Frameworks */ = {isa = PBXBuildFile; fileRef = E5E5EB532DC1093100B00B6A /* ActitoAssetsKit.framework */; settings = {ATTRIBUTES = (CodeSignOnCopy, RemoveHeadersOnCopy, ); }; };
		E5E5EB5B2DC10A9E00B00B6A /* AssetDetailsView.swift in Sources */ = {isa = PBXBuildFile; fileRef = E5E5EB592DC10A9E00B00B6A /* AssetDetailsView.swift */; };
		E5E5EB5C2DC10A9E00B00B6A /* AssetItemView.swift in Sources */ = {isa = PBXBuildFile; fileRef = E5E5EB582DC10A9E00B00B6A /* AssetItemView.swift */; };
		E5E5EB5D2DC10A9E00B00B6A /* AssetsView.swift in Sources */ = {isa = PBXBuildFile; fileRef = E5E5EB562DC10A9E00B00B6A /* AssetsView.swift */; };
		E5E5EB5E2DC10A9E00B00B6A /* AssetsViewModel.swift in Sources */ = {isa = PBXBuildFile; fileRef = E5E5EB572DC10A9E00B00B6A /* AssetsViewModel.swift */; };
		E5E5EB602DC10B8A00B00B6A /* OtherFeaturesSection.swift in Sources */ = {isa = PBXBuildFile; fileRef = E5E5EB5F2DC10B8A00B00B6A /* OtherFeaturesSection.swift */; };
		F267DA4A273E7CA900448A8F /* NotificareOptions.plist in Resources */ = {isa = PBXBuildFile; fileRef = F267DA49273E7CA900448A8F /* NotificareOptions.plist */; };
		F27C2FCB2B04DA3F005564F4 /* BannerView.swift in Sources */ = {isa = PBXBuildFile; fileRef = F27C2FCA2B04DA3F005564F4 /* BannerView.swift */; };
		F27C2FD22B0518A5005564F4 /* BannerModifier.swift in Sources */ = {isa = PBXBuildFile; fileRef = F27C2FD12B0518A5005564F4 /* BannerModifier.swift */; };
		F27C2FD42B051DA0005564F4 /* Identifiables.swift in Sources */ = {isa = PBXBuildFile; fileRef = F27C2FD32B051DA0005564F4 /* Identifiables.swift */; };
		F29FD1F824CB1FE1004B166D /* AppDelegate.swift in Sources */ = {isa = PBXBuildFile; fileRef = F29FD1F724CB1FE1004B166D /* AppDelegate.swift */; };
		F29FD20124CB1FE3004B166D /* Assets.xcassets in Resources */ = {isa = PBXBuildFile; fileRef = F29FD20024CB1FE3004B166D /* Assets.xcassets */; };
/* End PBXBuildFile section */

/* Begin PBXContainerItemProxy section */
		E5BF8A7D2DCA6058008FD3DE /* PBXContainerItemProxy */ = {
			isa = PBXContainerItemProxy;
			containerPortal = F29FD1EC24CB1FE1004B166D /* Project object */;
			proxyType = 1;
			remoteGlobalIDString = E5BF8A6F2DCA6056008FD3DE;
			remoteInfo = WidgetExtension;
		};
		E5BF8B012DCB691E008FD3DE /* PBXContainerItemProxy */ = {
			isa = PBXContainerItemProxy;
			containerPortal = F29FD1EC24CB1FE1004B166D /* Project object */;
			proxyType = 1;
			remoteGlobalIDString = E5BF8AFB2DCB691D008FD3DE;
			remoteInfo = NotificationService;
		};
/* End PBXContainerItemProxy section */

/* Begin PBXCopyFilesBuildPhase section */
		F22650C8258B6E890004F833 /* Embed Frameworks */ = {
			isa = PBXCopyFilesBuildPhase;
			buildActionMask = 2147483647;
			dstPath = "";
			dstSubfolderSpec = 10;
			files = (
				E5E5249F2DBA743A0086A403 /* ActitoUtilitiesKit.framework in Embed Frameworks */,
				E5BF89F52DCA3AFD008FD3DE /* ActitoPushUIKit.framework in Embed Frameworks */,
				E5E5EB552DC1093100B00B6A /* ActitoAssetsKit.framework in Embed Frameworks */,
				E5BF8AF72DCA6A38008FD3DE /* ActitoPushKit.framework in Embed Frameworks */,
				E5BF8B1B2DCCF63A008FD3DE /* ActitoInboxKit.framework in Embed Frameworks */,
				E5BF8B182DCBA422008FD3DE /* ActitoNotificationServiceExtensionKit.framework in Embed Frameworks */,
				E5E5249D2DBA743A0086A403 /* ActitoKit.framework in Embed Frameworks */,
				E5BF89F02DC9FC93008FD3DE /* ActitoInAppMessagingKit.framework in Embed Frameworks */,
				E5BF8B252DCDF440008FD3DE /* ActitoLoyaltyKit.framework in Embed Frameworks */,
				E5BF89EA2DC918C4008FD3DE /* ActitoScannablesKit.framework in Embed Frameworks */,
				E5BF8B282DCE17DB008FD3DE /* ActitoGeoKit.framework in Embed Frameworks */,
			);
			name = "Embed Frameworks";
			runOnlyForDeploymentPostprocessing = 0;
		};
		F2F41D8025CD651D0010260B /* Embed Foundation Extensions */ = {
			isa = PBXCopyFilesBuildPhase;
			buildActionMask = 2147483647;
			dstPath = "";
			dstSubfolderSpec = 13;
			files = (
				E5BF8A7F2DCA6058008FD3DE /* WidgetExtension.appex in Embed Foundation Extensions */,
				E5BF8B032DCB691E008FD3DE /* NotificationService.appex in Embed Foundation Extensions */,
			);
			name = "Embed Foundation Extensions";
			runOnlyForDeploymentPostprocessing = 0;
		};
/* End PBXCopyFilesBuildPhase section */

/* Begin PBXFileReference section */
		1A8B59F52B72304F00ED46B1 /* ApplicationInfoSection.swift */ = {isa = PBXFileReference; lastKnownFileType = sourcecode.swift; path = ApplicationInfoSection.swift; sourceTree = "<group>"; };
		1A8B59F82B72843800ED46B1 /* ApplicationInfo.swift */ = {isa = PBXFileReference; lastKnownFileType = sourcecode.swift; path = ApplicationInfo.swift; sourceTree = "<group>"; };
		1A8C310F2BFF20DA0000BFA6 /* SampleUser.swift */ = {isa = PBXFileReference; lastKnownFileType = sourcecode.swift; path = SampleUser.swift; sourceTree = "<group>"; };
		E514687729C9CC41005E057D /* String+Localization.swift */ = {isa = PBXFileReference; lastKnownFileType = sourcecode.swift; path = "String+Localization.swift"; sourceTree = "<group>"; };
		E51FD38B29D6F2D2000897D9 /* en */ = {isa = PBXFileReference; lastKnownFileType = text.plist.strings; name = en; path = en.lproj/Localizable.strings; sourceTree = "<group>"; };
		E534D10D2B03810800A6EF62 /* ListIconView.swift */ = {isa = PBXFileReference; lastKnownFileType = sourcecode.swift; path = ListIconView.swift; sourceTree = "<group>"; };
		E5590DF529C21F59006E593B /* TagsView.swift */ = {isa = PBXFileReference; lastKnownFileType = sourcecode.swift; path = TagsView.swift; sourceTree = "<group>"; };
		E5590DF729C2273A006E593B /* TagsViewModel.swift */ = {isa = PBXFileReference; lastKnownFileType = sourcecode.swift; path = TagsViewModel.swift; sourceTree = "<group>"; };
		E5590DFD29C2310F006E593B /* SelectableChipView.swift */ = {isa = PBXFileReference; lastKnownFileType = sourcecode.swift; path = SelectableChipView.swift; sourceTree = "<group>"; };
		E5590E0529C33389006E593B /* Date+Utilities.swift */ = {isa = PBXFileReference; lastKnownFileType = sourcecode.swift; path = "Date+Utilities.swift"; sourceTree = "<group>"; };
		E5590E0929C33540006E593B /* AsyncImageCompat.swift */ = {isa = PBXFileReference; lastKnownFileType = sourcecode.swift; path = AsyncImageCompat.swift; sourceTree = "<group>"; };
		E5590E0B29C33586006E593B /* AsyncImageCompat+ImageLoader.swift */ = {isa = PBXFileReference; lastKnownFileType = sourcecode.swift; path = "AsyncImageCompat+ImageLoader.swift"; sourceTree = "<group>"; };
		E5590E0D29C335BA006E593B /* AsyncImageCompat+ImageCache.swift */ = {isa = PBXFileReference; lastKnownFileType = sourcecode.swift; path = "AsyncImageCompat+ImageCache.swift"; sourceTree = "<group>"; };
		E5590E1329C359B9006E593B /* Notification.Name+Custom.swift */ = {isa = PBXFileReference; lastKnownFileType = sourcecode.swift; path = "Notification.Name+Custom.swift"; sourceTree = "<group>"; };
		E5590E3229C47524006E593B /* EventsView.swift */ = {isa = PBXFileReference; lastKnownFileType = sourcecode.swift; path = EventsView.swift; sourceTree = "<group>"; };
		E5590E3429C4760E006E593B /* EventsViewModel.swift */ = {isa = PBXFileReference; lastKnownFileType = sourcecode.swift; path = EventsViewModel.swift; sourceTree = "<group>"; };
		E59CFC0C29CB6CC70024057A /* BadgeView.swift */ = {isa = PBXFileReference; lastKnownFileType = sourcecode.swift; path = BadgeView.swift; sourceTree = "<group>"; };
		E59CFC0E29CB6D330024057A /* DetermineSize.swift */ = {isa = PBXFileReference; lastKnownFileType = sourcecode.swift; path = DetermineSize.swift; sourceTree = "<group>"; };
		E5B26D9F29C076F300B47C6D /* DeviceRegistrationSection.swift */ = {isa = PBXFileReference; lastKnownFileType = sourcecode.swift; path = DeviceRegistrationSection.swift; sourceTree = "<group>"; };
		E5BF89E82DC918C4008FD3DE /* ActitoScannablesKit.framework */ = {isa = PBXFileReference; explicitFileType = wrapper.framework; path = ActitoScannablesKit.framework; sourceTree = BUILT_PRODUCTS_DIR; };
		E5BF89EB2DC918D8008FD3DE /* ScannablesView.swift */ = {isa = PBXFileReference; lastKnownFileType = sourcecode.swift; path = ScannablesView.swift; sourceTree = "<group>"; };
		E5BF89EE2DC9FC93008FD3DE /* ActitoInAppMessagingKit.framework */ = {isa = PBXFileReference; explicitFileType = wrapper.framework; path = ActitoInAppMessagingKit.framework; sourceTree = BUILT_PRODUCTS_DIR; };
		E5BF89F12DC9FCA3008FD3DE /* InAppMessagingSection.swift */ = {isa = PBXFileReference; lastKnownFileType = sourcecode.swift; path = InAppMessagingSection.swift; sourceTree = "<group>"; };
		E5BF89F32DCA3AFD008FD3DE /* ActitoPushUIKit.framework */ = {isa = PBXFileReference; explicitFileType = wrapper.framework; path = ActitoPushUIKit.framework; sourceTree = BUILT_PRODUCTS_DIR; };
		E5BF89F62DCA3C79008FD3DE /* UIApplication+Notifications.swift */ = {isa = PBXFileReference; lastKnownFileType = sourcecode.swift; path = "UIApplication+Notifications.swift"; sourceTree = "<group>"; };
		E5BF8A612DCA5F02008FD3DE /* CoffeeBrewerActivityAttributes.swift */ = {isa = PBXFileReference; lastKnownFileType = sourcecode.swift; path = CoffeeBrewerActivityAttributes.swift; sourceTree = "<group>"; };
		E5BF8A622DCA5F02008FD3DE /* LiveActivitiesController.swift */ = {isa = PBXFileReference; lastKnownFileType = sourcecode.swift; path = LiveActivitiesController.swift; sourceTree = "<group>"; };
		E5BF8A6A2DCA5FC3008FD3DE /* NotificationsSection.swift */ = {isa = PBXFileReference; lastKnownFileType = sourcecode.swift; path = NotificationsSection.swift; sourceTree = "<group>"; };
		E5BF8A702DCA6056008FD3DE /* WidgetExtension.appex */ = {isa = PBXFileReference; explicitFileType = "wrapper.app-extension"; includeInIndex = 0; path = WidgetExtension.appex; sourceTree = BUILT_PRODUCTS_DIR; };
		E5BF8AD92DCA657F008FD3DE /* CoffeeBrewerHeadlineView.swift */ = {isa = PBXFileReference; lastKnownFileType = sourcecode.swift; path = CoffeeBrewerHeadlineView.swift; sourceTree = "<group>"; };
		E5BF8ADA2DCA657F008FD3DE /* CoffeeBrewerLockScreenView.swift */ = {isa = PBXFileReference; lastKnownFileType = sourcecode.swift; path = CoffeeBrewerLockScreenView.swift; sourceTree = "<group>"; };
		E5BF8ADB2DCA657F008FD3DE /* CoffeeBrewerStatusTrackerView.swift */ = {isa = PBXFileReference; lastKnownFileType = sourcecode.swift; path = CoffeeBrewerStatusTrackerView.swift; sourceTree = "<group>"; };
		E5BF8ADD2DCA657F008FD3DE /* CoffeeBrewer+Utilities.swift */ = {isa = PBXFileReference; lastKnownFileType = sourcecode.swift; path = "CoffeeBrewer+Utilities.swift"; sourceTree = "<group>"; };
		E5BF8ADF2DCA657F008FD3DE /* Assets.xcassets */ = {isa = PBXFileReference; lastKnownFileType = folder.assetcatalog; path = Assets.xcassets; sourceTree = "<group>"; };
		E5BF8AE02DCA657F008FD3DE /* CoffeeBrewerLiveActivity.swift */ = {isa = PBXFileReference; lastKnownFileType = sourcecode.swift; path = CoffeeBrewerLiveActivity.swift; sourceTree = "<group>"; };
		E5BF8AE12DCA657F008FD3DE /* Info.plist */ = {isa = PBXFileReference; lastKnownFileType = text.plist.xml; path = Info.plist; sourceTree = "<group>"; };
		E5BF8AE22DCA657F008FD3DE /* Localizable.strings */ = {isa = PBXFileReference; lastKnownFileType = text.plist.strings; path = Localizable.strings; sourceTree = "<group>"; };
		E5BF8AE32DCA657F008FD3DE /* Localizable.stringsdict */ = {isa = PBXFileReference; lastKnownFileType = text.plist.stringsdict; path = Localizable.stringsdict; sourceTree = "<group>"; };
		E5BF8AE42DCA657F008FD3DE /* WidgetExtensionBundle.swift */ = {isa = PBXFileReference; lastKnownFileType = sourcecode.swift; path = WidgetExtensionBundle.swift; sourceTree = "<group>"; };
		E5BF8AF32DCA676C008FD3DE /* LiveActivitiesSection.swift */ = {isa = PBXFileReference; lastKnownFileType = sourcecode.swift; path = LiveActivitiesSection.swift; sourceTree = "<group>"; };
		E5BF8AF52DCA6A38008FD3DE /* ActitoPushKit.framework */ = {isa = PBXFileReference; explicitFileType = wrapper.framework; path = ActitoPushKit.framework; sourceTree = BUILT_PRODUCTS_DIR; };
		E5BF8AFC2DCB691D008FD3DE /* NotificationService.appex */ = {isa = PBXFileReference; explicitFileType = "wrapper.app-extension"; includeInIndex = 0; path = NotificationService.appex; sourceTree = BUILT_PRODUCTS_DIR; };
		E5BF8B0E2DCB6A86008FD3DE /* ActitoNotificationServiceExtensionKit.framework */ = {isa = PBXFileReference; explicitFileType = wrapper.framework; path = ActitoNotificationServiceExtensionKit.framework; sourceTree = BUILT_PRODUCTS_DIR; };
		E5BF8B122DCB6AE5008FD3DE /* Info.plist */ = {isa = PBXFileReference; lastKnownFileType = text.plist.xml; path = Info.plist; sourceTree = "<group>"; };
		E5BF8B132DCB6AE5008FD3DE /* NotificationService.swift */ = {isa = PBXFileReference; lastKnownFileType = sourcecode.swift; path = NotificationService.swift; sourceTree = "<group>"; };
		E5BF8B192DCCF63A008FD3DE /* ActitoInboxKit.framework */ = {isa = PBXFileReference; explicitFileType = wrapper.framework; path = ActitoInboxKit.framework; sourceTree = BUILT_PRODUCTS_DIR; };
		E5BF8B1C2DCCF658008FD3DE /* InboxView.swift */ = {isa = PBXFileReference; lastKnownFileType = sourcecode.swift; path = InboxView.swift; sourceTree = "<group>"; };
		E5BF8B1D2DCCF658008FD3DE /* InboxViewModel.swift */ = {isa = PBXFileReference; lastKnownFileType = sourcecode.swift; path = InboxViewModel.swift; sourceTree = "<group>"; };
		E5BF8B1E2DCCF658008FD3DE /* InboxItemView.swift */ = {isa = PBXFileReference; lastKnownFileType = sourcecode.swift; path = InboxItemView.swift; sourceTree = "<group>"; };
		E5BF8B232DCDF440008FD3DE /* ActitoLoyaltyKit.framework */ = {isa = PBXFileReference; explicitFileType = wrapper.framework; path = ActitoLoyaltyKit.framework; sourceTree = BUILT_PRODUCTS_DIR; };
		E5BF8B262DCE17DB008FD3DE /* ActitoGeoKit.framework */ = {isa = PBXFileReference; explicitFileType = wrapper.framework; path = ActitoGeoKit.framework; sourceTree = BUILT_PRODUCTS_DIR; };
		E5BF8B292DCE3542008FD3DE /* LocationSection.swift */ = {isa = PBXFileReference; lastKnownFileType = sourcecode.swift; path = LocationSection.swift; sourceTree = "<group>"; };
		E5BF8B2B2DD23866008FD3DE /* BeaconsView.swift */ = {isa = PBXFileReference; lastKnownFileType = sourcecode.swift; path = BeaconsView.swift; sourceTree = "<group>"; };
		E5BF8B2C2DD23866008FD3DE /* BeaconsViewModel.swift */ = {isa = PBXFileReference; lastKnownFileType = sourcecode.swift; path = BeaconsViewModel.swift; sourceTree = "<group>"; };
		E5BF8B2D2DD23866008FD3DE /* BeaconRow.swift */ = {isa = PBXFileReference; lastKnownFileType = sourcecode.swift; path = BeaconRow.swift; sourceTree = "<group>"; };
		E5C78EF629BB5015006BF1F6 /* Main.swift */ = {isa = PBXFileReference; lastKnownFileType = sourcecode.swift; path = Main.swift; sourceTree = "<group>"; };
		E5C78EF829BB57D7006BF1F6 /* HomeView.swift */ = {isa = PBXFileReference; lastKnownFileType = sourcecode.swift; path = HomeView.swift; sourceTree = "<group>"; };
		E5C78EFB29BB6DC5006BF1F6 /* LaunchFlowSection.swift */ = {isa = PBXFileReference; lastKnownFileType = sourcecode.swift; path = LaunchFlowSection.swift; sourceTree = "<group>"; };
		E5C78F0029BB8905006BF1F6 /* Base */ = {isa = PBXFileReference; lastKnownFileType = file.storyboard; name = Base; path = Base.lproj/LaunchScreen.storyboard; sourceTree = "<group>"; };
		E5C78F0429BB9A37006BF1F6 /* HomeViewModel.swift */ = {isa = PBXFileReference; lastKnownFileType = sourcecode.swift; path = HomeViewModel.swift; sourceTree = "<group>"; };
		E5C78F0829BBA15B006BF1F6 /* Logger.swift */ = {isa = PBXFileReference; fileEncoding = 4; lastKnownFileType = sourcecode.swift; path = Logger.swift; sourceTree = "<group>"; };
		E5C78F0C29BF4970006BF1F6 /* DoNotDisturbSection.swift */ = {isa = PBXFileReference; lastKnownFileType = sourcecode.swift; path = DoNotDisturbSection.swift; sourceTree = "<group>"; };
		E5E5249A2DBA743A0086A403 /* ActitoKit.framework */ = {isa = PBXFileReference; explicitFileType = wrapper.framework; path = ActitoKit.framework; sourceTree = BUILT_PRODUCTS_DIR; };
		E5E5249B2DBA743A0086A403 /* ActitoUtilitiesKit.framework */ = {isa = PBXFileReference; explicitFileType = wrapper.framework; path = ActitoUtilitiesKit.framework; sourceTree = BUILT_PRODUCTS_DIR; };
		E5E5EB532DC1093100B00B6A /* ActitoAssetsKit.framework */ = {isa = PBXFileReference; explicitFileType = wrapper.framework; path = ActitoAssetsKit.framework; sourceTree = BUILT_PRODUCTS_DIR; };
		E5E5EB562DC10A9E00B00B6A /* AssetsView.swift */ = {isa = PBXFileReference; lastKnownFileType = sourcecode.swift; path = AssetsView.swift; sourceTree = "<group>"; };
		E5E5EB572DC10A9E00B00B6A /* AssetsViewModel.swift */ = {isa = PBXFileReference; lastKnownFileType = sourcecode.swift; path = AssetsViewModel.swift; sourceTree = "<group>"; };
		E5E5EB582DC10A9E00B00B6A /* AssetItemView.swift */ = {isa = PBXFileReference; lastKnownFileType = sourcecode.swift; path = AssetItemView.swift; sourceTree = "<group>"; };
		E5E5EB592DC10A9E00B00B6A /* AssetDetailsView.swift */ = {isa = PBXFileReference; lastKnownFileType = sourcecode.swift; path = AssetDetailsView.swift; sourceTree = "<group>"; };
		E5E5EB5F2DC10B8A00B00B6A /* OtherFeaturesSection.swift */ = {isa = PBXFileReference; lastKnownFileType = sourcecode.swift; path = OtherFeaturesSection.swift; sourceTree = "<group>"; };
		F22443D3286CBAFE0015CBD6 /* Products.storekit */ = {isa = PBXFileReference; lastKnownFileType = text; path = Products.storekit; sourceTree = "<group>"; };
		F22443D4286CBBBE0015CBD6 /* StoreKit.framework */ = {isa = PBXFileReference; lastKnownFileType = wrapper.framework; name = StoreKit.framework; path = System/Library/Frameworks/StoreKit.framework; sourceTree = SDKROOT; };
		F236118E2C77581C0063C446 /* NotificareServices.plist */ = {isa = PBXFileReference; fileEncoding = 4; lastKnownFileType = text.plist.xml; path = NotificareServices.plist; sourceTree = "<group>"; };
		F23611902C77581C0063C446 /* NotificareServices.plist */ = {isa = PBXFileReference; fileEncoding = 4; lastKnownFileType = text.plist.xml; path = NotificareServices.plist; sourceTree = "<group>"; };
		F23611932C77581C0063C446 /* NotificareServices.plist */ = {isa = PBXFileReference; fileEncoding = 4; lastKnownFileType = text.plist.xml; path = NotificareServices.plist; sourceTree = "<group>"; };
		F23611952C77581C0063C446 /* NotificareServices.plist */ = {isa = PBXFileReference; fileEncoding = 4; lastKnownFileType = text.plist.xml; path = NotificareServices.plist; sourceTree = "<group>"; };
		F267DA49273E7CA900448A8F /* NotificareOptions.plist */ = {isa = PBXFileReference; lastKnownFileType = text.plist.xml; path = NotificareOptions.plist; sourceTree = "<group>"; };
		F27C2FCA2B04DA3F005564F4 /* BannerView.swift */ = {isa = PBXFileReference; lastKnownFileType = sourcecode.swift; path = BannerView.swift; sourceTree = "<group>"; };
		F27C2FD12B0518A5005564F4 /* BannerModifier.swift */ = {isa = PBXFileReference; lastKnownFileType = sourcecode.swift; path = BannerModifier.swift; sourceTree = "<group>"; };
		F27C2FD32B051DA0005564F4 /* Identifiables.swift */ = {isa = PBXFileReference; lastKnownFileType = sourcecode.swift; path = Identifiables.swift; sourceTree = "<group>"; };
		F28553C7258BA18C006674C1 /* Sample.entitlements */ = {isa = PBXFileReference; lastKnownFileType = text.plist.entitlements; path = Sample.entitlements; sourceTree = "<group>"; };
		F29FD1F424CB1FE1004B166D /* Sample.app */ = {isa = PBXFileReference; explicitFileType = wrapper.application; includeInIndex = 0; path = Sample.app; sourceTree = BUILT_PRODUCTS_DIR; };
		F29FD1F724CB1FE1004B166D /* AppDelegate.swift */ = {isa = PBXFileReference; lastKnownFileType = sourcecode.swift; path = AppDelegate.swift; sourceTree = "<group>"; };
		F29FD20024CB1FE3004B166D /* Assets.xcassets */ = {isa = PBXFileReference; lastKnownFileType = folder.assetcatalog; path = Assets.xcassets; sourceTree = "<group>"; };
		F29FD20524CB1FE3004B166D /* Info.plist */ = {isa = PBXFileReference; lastKnownFileType = text.plist.xml; path = Info.plist; sourceTree = "<group>"; };
		F2E8CF612AFD3CA300D7F2A0 /* Sample.test.entitlements */ = {isa = PBXFileReference; lastKnownFileType = text.plist.entitlements; path = Sample.test.entitlements; sourceTree = "<group>"; };
		F2E8CF622AFD3CA300D7F2A0 /* Sample.dev.entitlements */ = {isa = PBXFileReference; lastKnownFileType = text.plist.entitlements; path = Sample.dev.entitlements; sourceTree = "<group>"; };
		F2E8CF632AFD3CA300D7F2A0 /* Sample.test.dev.entitlements */ = {isa = PBXFileReference; lastKnownFileType = text.plist.entitlements; path = Sample.test.dev.entitlements; sourceTree = "<group>"; };
		F2EB43242935044D00AFDBD3 /* WidgetKit.framework */ = {isa = PBXFileReference; lastKnownFileType = wrapper.framework; name = WidgetKit.framework; path = System/Library/Frameworks/WidgetKit.framework; sourceTree = SDKROOT; };
		F2EB43262935044D00AFDBD3 /* SwiftUI.framework */ = {isa = PBXFileReference; lastKnownFileType = wrapper.framework; name = SwiftUI.framework; path = System/Library/Frameworks/SwiftUI.framework; sourceTree = SDKROOT; };
/* End PBXFileReference section */

/* Begin PBXFrameworksBuildPhase section */
		E5BF8A6D2DCA6056008FD3DE /* Frameworks */ = {
			isa = PBXFrameworksBuildPhase;
			buildActionMask = 2147483647;
			files = (
				E5BF8A722DCA6056008FD3DE /* SwiftUI.framework in Frameworks */,
				E5BF8A712DCA6056008FD3DE /* WidgetKit.framework in Frameworks */,
			);
			runOnlyForDeploymentPostprocessing = 0;
		};
		E5BF8AF92DCB691D008FD3DE /* Frameworks */ = {
			isa = PBXFrameworksBuildPhase;
			buildActionMask = 2147483647;
			files = (
				E5BF8B0F2DCB6A86008FD3DE /* ActitoNotificationServiceExtensionKit.framework in Frameworks */,
			);
			runOnlyForDeploymentPostprocessing = 0;
		};
		F29FD1F124CB1FE1004B166D /* Frameworks */ = {
			isa = PBXFrameworksBuildPhase;
			buildActionMask = 2147483647;
			files = (
				E5E5249E2DBA743A0086A403 /* ActitoUtilitiesKit.framework in Frameworks */,
				E5BF89F42DCA3AFD008FD3DE /* ActitoPushUIKit.framework in Frameworks */,
				E5E5EB542DC1093100B00B6A /* ActitoAssetsKit.framework in Frameworks */,
				E5BF8AF62DCA6A38008FD3DE /* ActitoPushKit.framework in Frameworks */,
				E5BF8B1A2DCCF63A008FD3DE /* ActitoInboxKit.framework in Frameworks */,
				E5BF8B172DCBA422008FD3DE /* ActitoNotificationServiceExtensionKit.framework in Frameworks */,
				E5E5249C2DBA743A0086A403 /* ActitoKit.framework in Frameworks */,
				E5BF89EF2DC9FC93008FD3DE /* ActitoInAppMessagingKit.framework in Frameworks */,
				E5BF8B242DCDF440008FD3DE /* ActitoLoyaltyKit.framework in Frameworks */,
				E5BF89E92DC918C4008FD3DE /* ActitoScannablesKit.framework in Frameworks */,
				E5BF8B272DCE17DB008FD3DE /* ActitoGeoKit.framework in Frameworks */,
			);
			runOnlyForDeploymentPostprocessing = 0;
		};
/* End PBXFrameworksBuildPhase section */

/* Begin PBXGroup section */
		1A8B59F72B72842000ED46B1 /* Models */ = {
			isa = PBXGroup;
			children = (
				1A8B59F82B72843800ED46B1 /* ApplicationInfo.swift */,
				1A8C310F2BFF20DA0000BFA6 /* SampleUser.swift */,
			);
			path = Models;
			sourceTree = "<group>";
		};
		E51FD35329D336A7000897D9 /* Badge */ = {
			isa = PBXGroup;
			children = (
				E59CFC0C29CB6CC70024057A /* BadgeView.swift */,
				E59CFC0E29CB6D330024057A /* DetermineSize.swift */,
			);
			path = Badge;
			sourceTree = "<group>";
		};
		E5590DF429C21EF2006E593B /* Tags */ = {
			isa = PBXGroup;
			children = (
				E5590DF529C21F59006E593B /* TagsView.swift */,
				E5590DF729C2273A006E593B /* TagsViewModel.swift */,
			);
			path = Tags;
			sourceTree = "<group>";
		};
		E5590E3129C474B5006E593B /* Events */ = {
			isa = PBXGroup;
			children = (
				E5590E3229C47524006E593B /* EventsView.swift */,
				E5590E3429C4760E006E593B /* EventsViewModel.swift */,
			);
			path = Events;
			sourceTree = "<group>";
		};
		E5590E3A29C8A93D006E593B /* AsyncImageCompat */ = {
			isa = PBXGroup;
			children = (
				E5590E0929C33540006E593B /* AsyncImageCompat.swift */,
				E5590E0B29C33586006E593B /* AsyncImageCompat+ImageLoader.swift */,
				E5590E0D29C335BA006E593B /* AsyncImageCompat+ImageCache.swift */,
			);
			path = AsyncImageCompat;
			sourceTree = "<group>";
		};
		E5BF89EC2DC918D8008FD3DE /* Scannables */ = {
			isa = PBXGroup;
			children = (
				E5BF89EB2DC918D8008FD3DE /* ScannablesView.swift */,
			);
			path = Scannables;
			sourceTree = "<group>";
		};
		E5BF8A632DCA5F02008FD3DE /* Live Activities */ = {
			isa = PBXGroup;
			children = (
				E5BF8A612DCA5F02008FD3DE /* CoffeeBrewerActivityAttributes.swift */,
				E5BF8A622DCA5F02008FD3DE /* LiveActivitiesController.swift */,
			);
			path = "Live Activities";
			sourceTree = "<group>";
		};
		E5BF8ADC2DCA657F008FD3DE /* Coffee Brewer */ = {
			isa = PBXGroup;
			children = (
				E5BF8AD92DCA657F008FD3DE /* CoffeeBrewerHeadlineView.swift */,
				E5BF8ADA2DCA657F008FD3DE /* CoffeeBrewerLockScreenView.swift */,
				E5BF8ADB2DCA657F008FD3DE /* CoffeeBrewerStatusTrackerView.swift */,
			);
			path = "Coffee Brewer";
			sourceTree = "<group>";
		};
		E5BF8ADE2DCA657F008FD3DE /* Extensions */ = {
			isa = PBXGroup;
			children = (
				E5BF8ADD2DCA657F008FD3DE /* CoffeeBrewer+Utilities.swift */,
			);
			path = Extensions;
			sourceTree = "<group>";
		};
		E5BF8AE52DCA657F008FD3DE /* WidgetExtension */ = {
			isa = PBXGroup;
			children = (
				E5BF8ADC2DCA657F008FD3DE /* Coffee Brewer */,
				E5BF8ADE2DCA657F008FD3DE /* Extensions */,
				E5BF8ADF2DCA657F008FD3DE /* Assets.xcassets */,
				E5BF8AE02DCA657F008FD3DE /* CoffeeBrewerLiveActivity.swift */,
				E5BF8AE12DCA657F008FD3DE /* Info.plist */,
				E5BF8AE22DCA657F008FD3DE /* Localizable.strings */,
				E5BF8AE32DCA657F008FD3DE /* Localizable.stringsdict */,
				E5BF8AE42DCA657F008FD3DE /* WidgetExtensionBundle.swift */,
			);
			path = WidgetExtension;
			sourceTree = "<group>";
		};
		E5BF8B142DCB6AE5008FD3DE /* NotificationService */ = {
			isa = PBXGroup;
			children = (
				E5BF8B122DCB6AE5008FD3DE /* Info.plist */,
				E5BF8B132DCB6AE5008FD3DE /* NotificationService.swift */,
			);
			path = NotificationService;
			sourceTree = "<group>";
		};
		E5BF8B1F2DCCF658008FD3DE /* Inbox */ = {
			isa = PBXGroup;
			children = (
				E5BF8B1C2DCCF658008FD3DE /* InboxView.swift */,
				E5BF8B1D2DCCF658008FD3DE /* InboxViewModel.swift */,
				E5BF8B1E2DCCF658008FD3DE /* InboxItemView.swift */,
			);
			path = Inbox;
			sourceTree = "<group>";
		};
		E5BF8B2E2DD23866008FD3DE /* Beacons */ = {
			isa = PBXGroup;
			children = (
				E5BF8B2B2DD23866008FD3DE /* BeaconsView.swift */,
				E5BF8B2C2DD23866008FD3DE /* BeaconsViewModel.swift */,
				E5BF8B2D2DD23866008FD3DE /* BeaconRow.swift */,
			);
			path = Beacons;
			sourceTree = "<group>";
		};
		E5C78EFA29BB6D71006BF1F6 /* HomeSectionViews */ = {
			isa = PBXGroup;
			children = (
				E5BF8B292DCE3542008FD3DE /* LocationSection.swift */,
				E5BF8AF32DCA676C008FD3DE /* LiveActivitiesSection.swift */,
				E5BF8A6A2DCA5FC3008FD3DE /* NotificationsSection.swift */,
				E5BF89F12DC9FCA3008FD3DE /* InAppMessagingSection.swift */,
				E5E5EB5F2DC10B8A00B00B6A /* OtherFeaturesSection.swift */,
				E5C78EFB29BB6DC5006BF1F6 /* LaunchFlowSection.swift */,
				E5C78F0C29BF4970006BF1F6 /* DoNotDisturbSection.swift */,
				E5B26D9F29C076F300B47C6D /* DeviceRegistrationSection.swift */,
				1A8B59F52B72304F00ED46B1 /* ApplicationInfoSection.swift */,
			);
			path = HomeSectionViews;
			sourceTree = "<group>";
		};
		E5C78F0329BB98D7006BF1F6 /* Home */ = {
			isa = PBXGroup;
			children = (
				E5C78EFA29BB6D71006BF1F6 /* HomeSectionViews */,
				E5C78EF829BB57D7006BF1F6 /* HomeView.swift */,
				E5C78F0429BB9A37006BF1F6 /* HomeViewModel.swift */,
			);
			path = Home;
			sourceTree = "<group>";
		};
		E5E5EB5A2DC10A9E00B00B6A /* Assets */ = {
			isa = PBXGroup;
			children = (
				E5E5EB562DC10A9E00B00B6A /* AssetsView.swift */,
				E5E5EB572DC10A9E00B00B6A /* AssetsViewModel.swift */,
				E5E5EB582DC10A9E00B00B6A /* AssetItemView.swift */,
				E5E5EB592DC10A9E00B00B6A /* AssetDetailsView.swift */,
			);
			path = Assets;
			sourceTree = "<group>";
		};
		F236118F2C77581C0063C446 /* Production */ = {
			isa = PBXGroup;
			children = (
				F236118E2C77581C0063C446 /* NotificareServices.plist */,
			);
			path = Production;
			sourceTree = "<group>";
		};
		F23611912C77581C0063C446 /* Test */ = {
			isa = PBXGroup;
			children = (
				F23611902C77581C0063C446 /* NotificareServices.plist */,
			);
			path = Test;
			sourceTree = "<group>";
		};
		F23611922C77581C0063C446 /* Debug */ = {
			isa = PBXGroup;
			children = (
				F236118F2C77581C0063C446 /* Production */,
				F23611912C77581C0063C446 /* Test */,
			);
			path = Debug;
			sourceTree = "<group>";
		};
		F23611942C77581C0063C446 /* Production */ = {
			isa = PBXGroup;
			children = (
				F23611932C77581C0063C446 /* NotificareServices.plist */,
			);
			path = Production;
			sourceTree = "<group>";
		};
		F23611962C77581C0063C446 /* Test */ = {
			isa = PBXGroup;
			children = (
				F23611952C77581C0063C446 /* NotificareServices.plist */,
			);
			path = Test;
			sourceTree = "<group>";
		};
		F23611972C77581C0063C446 /* Release */ = {
			isa = PBXGroup;
			children = (
				F23611942C77581C0063C446 /* Production */,
				F23611962C77581C0063C446 /* Test */,
			);
			path = Release;
			sourceTree = "<group>";
		};
		F23611982C77581C0063C446 /* Configuration */ = {
			isa = PBXGroup;
			children = (
				F23611922C77581C0063C446 /* Debug */,
				F23611972C77581C0063C446 /* Release */,
			);
			path = Configuration;
			sourceTree = "<group>";
		};
		F251694324D4077D0025B51F /* Frameworks */ = {
			isa = PBXGroup;
			children = (
				E5BF8B262DCE17DB008FD3DE /* ActitoGeoKit.framework */,
				E5BF8B232DCDF440008FD3DE /* ActitoLoyaltyKit.framework */,
				E5BF8B192DCCF63A008FD3DE /* ActitoInboxKit.framework */,
				E5BF8B0E2DCB6A86008FD3DE /* ActitoNotificationServiceExtensionKit.framework */,
				E5BF8AF52DCA6A38008FD3DE /* ActitoPushKit.framework */,
				E5BF89F32DCA3AFD008FD3DE /* ActitoPushUIKit.framework */,
				E5BF89EE2DC9FC93008FD3DE /* ActitoInAppMessagingKit.framework */,
				E5BF89E82DC918C4008FD3DE /* ActitoScannablesKit.framework */,
				E5E5EB532DC1093100B00B6A /* ActitoAssetsKit.framework */,
				E5E5249A2DBA743A0086A403 /* ActitoKit.framework */,
				E5E5249B2DBA743A0086A403 /* ActitoUtilitiesKit.framework */,
				F22443D4286CBBBE0015CBD6 /* StoreKit.framework */,
				F2EB43242935044D00AFDBD3 /* WidgetKit.framework */,
				F2EB43262935044D00AFDBD3 /* SwiftUI.framework */,
			);
			name = Frameworks;
			sourceTree = "<group>";
		};
		F25B6DC125CABDBF007BC2C8 /* UI */ = {
			isa = PBXGroup;
			children = (
				E5BF8B2E2DD23866008FD3DE /* Beacons */,
				E5BF8B1F2DCCF658008FD3DE /* Inbox */,
				E5BF89EC2DC918D8008FD3DE /* Scannables */,
				E5E5EB5A2DC10A9E00B00B6A /* Assets */,
				F29F82A32A0E5D8B00B327D8 /* Components */,
				E5590E3129C474B5006E593B /* Events */,
				E5590DF429C21EF2006E593B /* Tags */,
				E5C78F0329BB98D7006BF1F6 /* Home */,
				E5C78EFF29BB8904006BF1F6 /* LaunchScreen.storyboard */,
				E5C78EF629BB5015006BF1F6 /* Main.swift */,
			);
			path = UI;
			sourceTree = "<group>";
		};
		F25B6DC825CAC58C007BC2C8 /* Extensions */ = {
			isa = PBXGroup;
			children = (
				E5BF89F62DCA3C79008FD3DE /* UIApplication+Notifications.swift */,
				E5C78F0829BBA15B006BF1F6 /* Logger.swift */,
				E5590E0529C33389006E593B /* Date+Utilities.swift */,
				E5590E1329C359B9006E593B /* Notification.Name+Custom.swift */,
				E514687729C9CC41005E057D /* String+Localization.swift */,
				F27C2FD32B051DA0005564F4 /* Identifiables.swift */,
			);
			path = Extensions;
			sourceTree = "<group>";
		};
		F27C2FC92B04DA2C005564F4 /* Banner */ = {
			isa = PBXGroup;
			children = (
				F27C2FCA2B04DA3F005564F4 /* BannerView.swift */,
				F27C2FD12B0518A5005564F4 /* BannerModifier.swift */,
			);
			path = Banner;
			sourceTree = "<group>";
		};
		F29F82A32A0E5D8B00B327D8 /* Components */ = {
			isa = PBXGroup;
			children = (
				E5590E3A29C8A93D006E593B /* AsyncImageCompat */,
				E51FD35329D336A7000897D9 /* Badge */,
				F27C2FC92B04DA2C005564F4 /* Banner */,
				E5590DFD29C2310F006E593B /* SelectableChipView.swift */,
				E534D10D2B03810800A6EF62 /* ListIconView.swift */,
			);
			path = Components;
			sourceTree = "<group>";
		};
		F29FD1EB24CB1FE1004B166D = {
			isa = PBXGroup;
			children = (
				F29FD1F624CB1FE1004B166D /* Sample */,
				E5BF8AE52DCA657F008FD3DE /* WidgetExtension */,
				E5BF8B142DCB6AE5008FD3DE /* NotificationService */,
				F29FD1F524CB1FE1004B166D /* Products */,
				F251694324D4077D0025B51F /* Frameworks */,
			);
			sourceTree = "<group>";
		};
		F29FD1F524CB1FE1004B166D /* Products */ = {
			isa = PBXGroup;
			children = (
				F29FD1F424CB1FE1004B166D /* Sample.app */,
				E5BF8A702DCA6056008FD3DE /* WidgetExtension.appex */,
				E5BF8AFC2DCB691D008FD3DE /* NotificationService.appex */,
			);
			name = Products;
			sourceTree = "<group>";
		};
		F29FD1F624CB1FE1004B166D /* Sample */ = {
			isa = PBXGroup;
			children = (
				E5BF8A632DCA5F02008FD3DE /* Live Activities */,
				F23611982C77581C0063C446 /* Configuration */,
				1A8B59F72B72842000ED46B1 /* Models */,
				F25B6DC825CAC58C007BC2C8 /* Extensions */,
				F25B6DC125CABDBF007BC2C8 /* UI */,
				F29FD1F724CB1FE1004B166D /* AppDelegate.swift */,
				F29FD20024CB1FE3004B166D /* Assets.xcassets */,
				F29FD20524CB1FE3004B166D /* Info.plist */,
				E51FD38A29D6F2D2000897D9 /* Localizable.strings */,
				F267DA49273E7CA900448A8F /* NotificareOptions.plist */,
				F22443D3286CBAFE0015CBD6 /* Products.storekit */,
				F28553C7258BA18C006674C1 /* Sample.entitlements */,
				F2E8CF622AFD3CA300D7F2A0 /* Sample.dev.entitlements */,
				F2E8CF632AFD3CA300D7F2A0 /* Sample.test.dev.entitlements */,
				F2E8CF612AFD3CA300D7F2A0 /* Sample.test.entitlements */,
			);
			path = Sample;
			sourceTree = "<group>";
		};
/* End PBXGroup section */

/* Begin PBXNativeTarget section */
		E5BF8A6F2DCA6056008FD3DE /* WidgetExtension */ = {
			isa = PBXNativeTarget;
			buildConfigurationList = E5BF8A812DCA6058008FD3DE /* Build configuration list for PBXNativeTarget "WidgetExtension" */;
			buildPhases = (
				E5BF8A6C2DCA6056008FD3DE /* Sources */,
				E5BF8A6D2DCA6056008FD3DE /* Frameworks */,
				E5BF8A6E2DCA6056008FD3DE /* Resources */,
			);
			buildRules = (
			);
			dependencies = (
			);
			name = WidgetExtension;
			packageProductDependencies = (
			);
			productName = WidgetExtension;
			productReference = E5BF8A702DCA6056008FD3DE /* WidgetExtension.appex */;
			productType = "com.apple.product-type.app-extension";
		};
		E5BF8AFB2DCB691D008FD3DE /* NotificationService */ = {
			isa = PBXNativeTarget;
			buildConfigurationList = E5BF8B092DCB691E008FD3DE /* Build configuration list for PBXNativeTarget "NotificationService" */;
			buildPhases = (
				E5BF8AF82DCB691D008FD3DE /* Sources */,
				E5BF8AF92DCB691D008FD3DE /* Frameworks */,
				E5BF8AFA2DCB691D008FD3DE /* Resources */,
			);
			buildRules = (
			);
			dependencies = (
			);
			name = NotificationService;
			packageProductDependencies = (
			);
			productName = NotificationService;
			productReference = E5BF8AFC2DCB691D008FD3DE /* NotificationService.appex */;
			productType = "com.apple.product-type.app-extension";
		};
		F29FD1F324CB1FE1004B166D /* Sample */ = {
			isa = PBXNativeTarget;
			buildConfigurationList = F29FD20824CB1FE3004B166D /* Build configuration list for PBXNativeTarget "Sample" */;
			buildPhases = (
				F2EAF9B02AF537F700A2CC0C /* Copy Notificare configuration file */,
				F29FD1F024CB1FE1004B166D /* Sources */,
				F29FD1F124CB1FE1004B166D /* Frameworks */,
				F29FD1F224CB1FE1004B166D /* Resources */,
				F22650C8258B6E890004F833 /* Embed Frameworks */,
				F2F41D8025CD651D0010260B /* Embed Foundation Extensions */,
			);
			buildRules = (
			);
			dependencies = (
				1AD52A282DE75F09006C7D88 /* PBXTargetDependency */,
				E5BF8A7E2DCA6058008FD3DE /* PBXTargetDependency */,
				E5BF8B022DCB691E008FD3DE /* PBXTargetDependency */,
			);
			name = Sample;
			packageProductDependencies = (
			);
			productName = Sample;
			productReference = F29FD1F424CB1FE1004B166D /* Sample.app */;
			productType = "com.apple.product-type.application";
		};
/* End PBXNativeTarget section */

/* Begin PBXProject section */
		F29FD1EC24CB1FE1004B166D /* Project object */ = {
			isa = PBXProject;
			attributes = {
				BuildIndependentTargetsInParallel = YES;
				LastSwiftUpdateCheck = 1620;
				LastUpgradeCheck = 1540;
				ORGANIZATIONNAME = Actito;
				TargetAttributes = {
					E5BF8A6F2DCA6056008FD3DE = {
						CreatedOnToolsVersion = 16.2;
					};
					E5BF8AFB2DCB691D008FD3DE = {
						CreatedOnToolsVersion = 16.2;
					};
					F29FD1F324CB1FE1004B166D = {
						CreatedOnToolsVersion = 12.0;
					};
				};
			};
			buildConfigurationList = F29FD1EF24CB1FE1004B166D /* Build configuration list for PBXProject "Sample" */;
			compatibilityVersion = "Xcode 13.0";
			developmentRegion = en;
			hasScannedForEncodings = 0;
			knownRegions = (
				en,
				Base,
			);
			mainGroup = F29FD1EB24CB1FE1004B166D;
			packageReferences = (
				1A8C30EF2BF639940000BFA6 /* XCRemoteSwiftPackageReference "SwiftLint" */,
			);
			productRefGroup = F29FD1F524CB1FE1004B166D /* Products */;
			projectDirPath = "";
			projectRoot = "";
			targets = (
				F29FD1F324CB1FE1004B166D /* Sample */,
				E5BF8AFB2DCB691D008FD3DE /* NotificationService */,
				E5BF8A6F2DCA6056008FD3DE /* WidgetExtension */,
			);
		};
/* End PBXProject section */

/* Begin PBXResourcesBuildPhase section */
		E5BF8A6E2DCA6056008FD3DE /* Resources */ = {
			isa = PBXResourcesBuildPhase;
			buildActionMask = 2147483647;
			files = (
				E5BF8AE62DCA657F008FD3DE /* Assets.xcassets in Resources */,
				E5BF8AE82DCA657F008FD3DE /* Localizable.strings in Resources */,
				E5BF8AE92DCA657F008FD3DE /* Localizable.stringsdict in Resources */,
			);
			runOnlyForDeploymentPostprocessing = 0;
		};
		E5BF8AFA2DCB691D008FD3DE /* Resources */ = {
			isa = PBXResourcesBuildPhase;
			buildActionMask = 2147483647;
			files = (
			);
			runOnlyForDeploymentPostprocessing = 0;
		};
		F29FD1F224CB1FE1004B166D /* Resources */ = {
			isa = PBXResourcesBuildPhase;
			buildActionMask = 2147483647;
			files = (
				E51FD38C29D6F2D2000897D9 /* Localizable.strings in Resources */,
				F29FD20124CB1FE3004B166D /* Assets.xcassets in Resources */,
				F267DA4A273E7CA900448A8F /* NotificareOptions.plist in Resources */,
				E5C78F0229BB8905006BF1F6 /* LaunchScreen.storyboard in Resources */,
			);
			runOnlyForDeploymentPostprocessing = 0;
		};
/* End PBXResourcesBuildPhase section */

/* Begin PBXShellScriptBuildPhase section */
		F2EAF9B02AF537F700A2CC0C /* Copy Notificare configuration file */ = {
			isa = PBXShellScriptBuildPhase;
			alwaysOutOfDate = 1;
			buildActionMask = 2147483647;
			files = (
			);
			inputFileListPaths = (
			);
			inputPaths = (
			);
			name = "Copy Notificare configuration file";
			outputFileListPaths = (
			);
			outputPaths = (
			);
			runOnlyForDeploymentPostprocessing = 0;
			shellPath = /bin/sh;
			shellScript = "CONFIGURATION_FILE_NAME=NotificareServices.plist\n\nBUILD_TYPE=$(echo $CONFIGURATION | cut -d \"-\" -f 1)\nENVIRONMENT=$(echo $CONFIGURATION | cut -d \"-\" -f 2)\n\nCONFIGURATION_FILE=${PROJECT_DIR}/${TARGET_NAME}/Configuration/${BUILD_TYPE}/${ENVIRONMENT}/${CONFIGURATION_FILE_NAME}\nCONFIGURATION_FILE_DESTINATION=${BUILT_PRODUCTS_DIR}/${PRODUCT_NAME}.app\n\necho \"Looking for ${CONFIGURATION_FILE_NAME} in ${CONFIGURATION_FILE}\"\nif [ ! -f $CONFIGURATION_FILE ] ; then\n    echo \"File not found.\"\n    exit 1\nfi\n\necho \"Copying ${CONFIGURATION_FILE_NAME} to final destination: ${CONFIGURATION_FILE}\"\ncp \"${CONFIGURATION_FILE}\" \"${CONFIGURATION_FILE_DESTINATION}\"\n";
		};
/* End PBXShellScriptBuildPhase section */

/* Begin PBXSourcesBuildPhase section */
		E5BF8A6C2DCA6056008FD3DE /* Sources */ = {
			isa = PBXSourcesBuildPhase;
			buildActionMask = 2147483647;
			files = (
				E5BF8AEA2DCA657F008FD3DE /* CoffeeBrewerHeadlineView.swift in Sources */,
				E5BF8AEB2DCA657F008FD3DE /* CoffeeBrewerLockScreenView.swift in Sources */,
				E5BF8AEC2DCA657F008FD3DE /* CoffeeBrewerStatusTrackerView.swift in Sources */,
				E5BF8AF02DCA66C0008FD3DE /* CoffeeBrewerActivityAttributes.swift in Sources */,
				E5BF8AED2DCA657F008FD3DE /* CoffeeBrewer+Utilities.swift in Sources */,
				E5BF8AEE2DCA657F008FD3DE /* CoffeeBrewerLiveActivity.swift in Sources */,
				E5BF8AEF2DCA657F008FD3DE /* WidgetExtensionBundle.swift in Sources */,
			);
			runOnlyForDeploymentPostprocessing = 0;
		};
		E5BF8AF82DCB691D008FD3DE /* Sources */ = {
			isa = PBXSourcesBuildPhase;
			buildActionMask = 2147483647;
			files = (
				E5BF8B152DCB6AE5008FD3DE /* NotificationService.swift in Sources */,
			);
			runOnlyForDeploymentPostprocessing = 0;
		};
		F29FD1F024CB1FE1004B166D /* Sources */ = {
			isa = PBXSourcesBuildPhase;
			buildActionMask = 2147483647;
			files = (
				E5C78F0929BBA15B006BF1F6 /* Logger.swift in Sources */,
				E5590E3529C4760E006E593B /* EventsViewModel.swift in Sources */,
				E5C78F0D29BF4970006BF1F6 /* DoNotDisturbSection.swift in Sources */,
				E5C78F0529BB9A37006BF1F6 /* HomeViewModel.swift in Sources */,
				E5590DF629C21F59006E593B /* TagsView.swift in Sources */,
				E5B26DA029C076F300B47C6D /* DeviceRegistrationSection.swift in Sources */,
				E5BF8A6B2DCA5FC3008FD3DE /* NotificationsSection.swift in Sources */,
				E5E5EB5B2DC10A9E00B00B6A /* AssetDetailsView.swift in Sources */,
				E5E5EB5C2DC10A9E00B00B6A /* AssetItemView.swift in Sources */,
				E5E5EB5D2DC10A9E00B00B6A /* AssetsView.swift in Sources */,
				E5E5EB5E2DC10A9E00B00B6A /* AssetsViewModel.swift in Sources */,
				E534D10E2B03810800A6EF62 /* ListIconView.swift in Sources */,
				E5C78EF929BB57D7006BF1F6 /* HomeView.swift in Sources */,
				1A8C31102BFF20DA0000BFA6 /* SampleUser.swift in Sources */,
				E5590E0C29C33586006E593B /* AsyncImageCompat+ImageLoader.swift in Sources */,
				E5590E1429C359B9006E593B /* Notification.Name+Custom.swift in Sources */,
				E5BF8A642DCA5F02008FD3DE /* CoffeeBrewerActivityAttributes.swift in Sources */,
				E5BF8A652DCA5F02008FD3DE /* LiveActivitiesController.swift in Sources */,
				E5590E0E29C335BA006E593B /* AsyncImageCompat+ImageCache.swift in Sources */,
				E59CFC0F29CB6D330024057A /* DetermineSize.swift in Sources */,
				E5BF89F72DCA3C79008FD3DE /* UIApplication+Notifications.swift in Sources */,
				1A8B59F62B72304F00ED46B1 /* ApplicationInfoSection.swift in Sources */,
				E5E5EB602DC10B8A00B00B6A /* OtherFeaturesSection.swift in Sources */,
				1A8B59F92B72843800ED46B1 /* ApplicationInfo.swift in Sources */,
				E5590E0629C33389006E593B /* Date+Utilities.swift in Sources */,
				F29FD1F824CB1FE1004B166D /* AppDelegate.swift in Sources */,
				E5BF89ED2DC918D8008FD3DE /* ScannablesView.swift in Sources */,
				E514687829C9CC41005E057D /* String+Localization.swift in Sources */,
				E5C78EFC29BB6DC5006BF1F6 /* LaunchFlowSection.swift in Sources */,
				E5BF8B202DCCF658008FD3DE /* InboxItemView.swift in Sources */,
				E5BF8B2A2DCE3542008FD3DE /* LocationSection.swift in Sources */,
				E5BF8B212DCCF658008FD3DE /* InboxViewModel.swift in Sources */,
				E5BF8B222DCCF658008FD3DE /* InboxView.swift in Sources */,
				F27C2FCB2B04DA3F005564F4 /* BannerView.swift in Sources */,
				E5C78EF729BB5015006BF1F6 /* Main.swift in Sources */,
				E5590E3329C47524006E593B /* EventsView.swift in Sources */,
				E5BF8AF42DCA676C008FD3DE /* LiveActivitiesSection.swift in Sources */,
				E5BF8B2F2DD23866008FD3DE /* BeaconRow.swift in Sources */,
				E5BF8B302DD23866008FD3DE /* BeaconsView.swift in Sources */,
				E5BF8B312DD23866008FD3DE /* BeaconsViewModel.swift in Sources */,
				F27C2FD42B051DA0005564F4 /* Identifiables.swift in Sources */,
				E5590DFE29C2310F006E593B /* SelectableChipView.swift in Sources */,
				E59CFC0D29CB6CC70024057A /* BadgeView.swift in Sources */,
				E5BF89F22DC9FCA3008FD3DE /* InAppMessagingSection.swift in Sources */,
				E5590DF829C2273A006E593B /* TagsViewModel.swift in Sources */,
				E5590E0A29C33540006E593B /* AsyncImageCompat.swift in Sources */,
				F27C2FD22B0518A5005564F4 /* BannerModifier.swift in Sources */,
			);
			runOnlyForDeploymentPostprocessing = 0;
		};
/* End PBXSourcesBuildPhase section */

/* Begin PBXTargetDependency section */
		1AD52A282DE75F09006C7D88 /* PBXTargetDependency */ = {
			isa = PBXTargetDependency;
			productRef = 1AD52A272DE75F09006C7D88 /* SwiftLintBuildToolPlugin */;
		};
		E5BF8A7E2DCA6058008FD3DE /* PBXTargetDependency */ = {
			isa = PBXTargetDependency;
			target = E5BF8A6F2DCA6056008FD3DE /* WidgetExtension */;
			targetProxy = E5BF8A7D2DCA6058008FD3DE /* PBXContainerItemProxy */;
		};
		E5BF8B022DCB691E008FD3DE /* PBXTargetDependency */ = {
			isa = PBXTargetDependency;
			target = E5BF8AFB2DCB691D008FD3DE /* NotificationService */;
			targetProxy = E5BF8B012DCB691E008FD3DE /* PBXContainerItemProxy */;
		};
/* End PBXTargetDependency section */

/* Begin PBXVariantGroup section */
		E51FD38A29D6F2D2000897D9 /* Localizable.strings */ = {
			isa = PBXVariantGroup;
			children = (
				E51FD38B29D6F2D2000897D9 /* en */,
			);
			name = Localizable.strings;
			sourceTree = "<group>";
		};
		E5C78EFF29BB8904006BF1F6 /* LaunchScreen.storyboard */ = {
			isa = PBXVariantGroup;
			children = (
				E5C78F0029BB8905006BF1F6 /* Base */,
			);
			name = LaunchScreen.storyboard;
			sourceTree = "<group>";
		};
/* End PBXVariantGroup section */

/* Begin XCBuildConfiguration section */
		E5BF8A822DCA6058008FD3DE /* Debug-Production */ = {
			isa = XCBuildConfiguration;
			buildSettings = {
				ALWAYS_SEARCH_USER_PATHS = NO;
				ASSETCATALOG_COMPILER_GENERATE_SWIFT_ASSET_SYMBOL_EXTENSIONS = YES;
				ASSETCATALOG_COMPILER_GLOBAL_ACCENT_COLOR_NAME = AccentColor;
				ASSETCATALOG_COMPILER_WIDGET_BACKGROUND_COLOR_NAME = WidgetBackground;
				CLANG_ANALYZER_NONNULL = YES;
				CLANG_ANALYZER_NUMBER_OBJECT_CONVERSION = YES_AGGRESSIVE;
				CLANG_CXX_LANGUAGE_STANDARD = "gnu++20";
				CLANG_ENABLE_MODULES = YES;
				CLANG_ENABLE_OBJC_ARC = YES;
				CLANG_ENABLE_OBJC_WEAK = YES;
				CLANG_WARN_BLOCK_CAPTURE_AUTORELEASING = YES;
				CLANG_WARN_BOOL_CONVERSION = YES;
				CLANG_WARN_COMMA = YES;
				CLANG_WARN_CONSTANT_CONVERSION = YES;
				CLANG_WARN_DEPRECATED_OBJC_IMPLEMENTATIONS = YES;
				CLANG_WARN_DIRECT_OBJC_ISA_USAGE = YES_ERROR;
				CLANG_WARN_DOCUMENTATION_COMMENTS = YES;
				CLANG_WARN_EMPTY_BODY = YES;
				CLANG_WARN_ENUM_CONVERSION = YES;
				CLANG_WARN_INFINITE_RECURSION = YES;
				CLANG_WARN_INT_CONVERSION = YES;
				CLANG_WARN_NON_LITERAL_NULL_CONVERSION = YES;
				CLANG_WARN_OBJC_IMPLICIT_RETAIN_SELF = YES;
				CLANG_WARN_OBJC_LITERAL_CONVERSION = YES;
				CLANG_WARN_OBJC_ROOT_CLASS = YES_ERROR;
				CLANG_WARN_QUOTED_INCLUDE_IN_FRAMEWORK_HEADER = YES;
				CLANG_WARN_RANGE_LOOP_ANALYSIS = YES;
				CLANG_WARN_STRICT_PROTOTYPES = YES;
				CLANG_WARN_SUSPICIOUS_MOVE = YES;
				CLANG_WARN_UNGUARDED_AVAILABILITY = YES_AGGRESSIVE;
				CLANG_WARN_UNREACHABLE_CODE = YES;
				CLANG_WARN__DUPLICATE_METHOD_MATCH = YES;
				CODE_SIGN_STYLE = Automatic;
				COPY_PHASE_STRIP = NO;
				CURRENT_PROJECT_VERSION = 6;
				DEBUG_INFORMATION_FORMAT = dwarf;
				DEVELOPMENT_TEAM = E3J9DDFVP4;
				ENABLE_STRICT_OBJC_MSGSEND = YES;
				ENABLE_TESTABILITY = YES;
				ENABLE_USER_SCRIPT_SANDBOXING = YES;
				GCC_C_LANGUAGE_STANDARD = gnu17;
				GCC_DYNAMIC_NO_PIC = NO;
				GCC_NO_COMMON_BLOCKS = YES;
				GCC_OPTIMIZATION_LEVEL = 0;
				GCC_PREPROCESSOR_DEFINITIONS = (
					"DEBUG=1",
					"$(inherited)",
				);
				GCC_WARN_64_TO_32_BIT_CONVERSION = YES;
				GCC_WARN_ABOUT_RETURN_TYPE = YES_ERROR;
				GCC_WARN_UNDECLARED_SELECTOR = YES;
				GCC_WARN_UNINITIALIZED_AUTOS = YES_AGGRESSIVE;
				GCC_WARN_UNUSED_FUNCTION = YES;
				GCC_WARN_UNUSED_VARIABLE = YES;
				GENERATE_INFOPLIST_FILE = YES;
				INFOPLIST_FILE = WidgetExtension/Info.plist;
				INFOPLIST_KEY_CFBundleDisplayName = WidgetExtension;
				INFOPLIST_KEY_NSHumanReadableCopyright = "Copyright © 2025 Actito. All rights reserved.";
				IPHONEOS_DEPLOYMENT_TARGET = 16.1;
				LD_RUNPATH_SEARCH_PATHS = (
					"$(inherited)",
					"@executable_path/Frameworks",
					"@executable_path/../../Frameworks",
				);
				LOCALIZATION_PREFERS_STRING_CATALOGS = YES;
				MARKETING_VERSION = 3.0.0;
				MTL_ENABLE_DEBUG_INFO = INCLUDE_SOURCE;
				MTL_FAST_MATH = YES;
				ONLY_ACTIVE_ARCH = YES;
				PRODUCT_BUNDLE_IDENTIFIER = "com.actito.sample.app.dev.widget-extension";
				PRODUCT_NAME = "$(TARGET_NAME)";
				SDKROOT = iphoneos;
				SKIP_INSTALL = YES;
				SWIFT_ACTIVE_COMPILATION_CONDITIONS = "DEBUG $(inherited)";
				SWIFT_EMIT_LOC_STRINGS = YES;
				SWIFT_OPTIMIZATION_LEVEL = "-Onone";
				SWIFT_VERSION = 5.0;
				TARGETED_DEVICE_FAMILY = "1,2";
			};
			name = "Debug-Production";
		};
		E5BF8A832DCA6058008FD3DE /* Debug-Test */ = {
			isa = XCBuildConfiguration;
			buildSettings = {
				ALWAYS_SEARCH_USER_PATHS = NO;
				ASSETCATALOG_COMPILER_GENERATE_SWIFT_ASSET_SYMBOL_EXTENSIONS = YES;
				ASSETCATALOG_COMPILER_GLOBAL_ACCENT_COLOR_NAME = AccentColor;
				ASSETCATALOG_COMPILER_WIDGET_BACKGROUND_COLOR_NAME = WidgetBackground;
				CLANG_ANALYZER_NONNULL = YES;
				CLANG_ANALYZER_NUMBER_OBJECT_CONVERSION = YES_AGGRESSIVE;
				CLANG_CXX_LANGUAGE_STANDARD = "gnu++20";
				CLANG_ENABLE_MODULES = YES;
				CLANG_ENABLE_OBJC_ARC = YES;
				CLANG_ENABLE_OBJC_WEAK = YES;
				CLANG_WARN_BLOCK_CAPTURE_AUTORELEASING = YES;
				CLANG_WARN_BOOL_CONVERSION = YES;
				CLANG_WARN_COMMA = YES;
				CLANG_WARN_CONSTANT_CONVERSION = YES;
				CLANG_WARN_DEPRECATED_OBJC_IMPLEMENTATIONS = YES;
				CLANG_WARN_DIRECT_OBJC_ISA_USAGE = YES_ERROR;
				CLANG_WARN_DOCUMENTATION_COMMENTS = YES;
				CLANG_WARN_EMPTY_BODY = YES;
				CLANG_WARN_ENUM_CONVERSION = YES;
				CLANG_WARN_INFINITE_RECURSION = YES;
				CLANG_WARN_INT_CONVERSION = YES;
				CLANG_WARN_NON_LITERAL_NULL_CONVERSION = YES;
				CLANG_WARN_OBJC_IMPLICIT_RETAIN_SELF = YES;
				CLANG_WARN_OBJC_LITERAL_CONVERSION = YES;
				CLANG_WARN_OBJC_ROOT_CLASS = YES_ERROR;
				CLANG_WARN_QUOTED_INCLUDE_IN_FRAMEWORK_HEADER = YES;
				CLANG_WARN_RANGE_LOOP_ANALYSIS = YES;
				CLANG_WARN_STRICT_PROTOTYPES = YES;
				CLANG_WARN_SUSPICIOUS_MOVE = YES;
				CLANG_WARN_UNGUARDED_AVAILABILITY = YES_AGGRESSIVE;
				CLANG_WARN_UNREACHABLE_CODE = YES;
				CLANG_WARN__DUPLICATE_METHOD_MATCH = YES;
				CODE_SIGN_STYLE = Automatic;
				COPY_PHASE_STRIP = NO;
				CURRENT_PROJECT_VERSION = 6;
				DEBUG_INFORMATION_FORMAT = dwarf;
				DEVELOPMENT_TEAM = E3J9DDFVP4;
				ENABLE_STRICT_OBJC_MSGSEND = YES;
				ENABLE_TESTABILITY = YES;
				ENABLE_USER_SCRIPT_SANDBOXING = YES;
				GCC_C_LANGUAGE_STANDARD = gnu17;
				GCC_DYNAMIC_NO_PIC = NO;
				GCC_NO_COMMON_BLOCKS = YES;
				GCC_OPTIMIZATION_LEVEL = 0;
				GCC_PREPROCESSOR_DEFINITIONS = (
					"DEBUG=1",
					"$(inherited)",
				);
				GCC_WARN_64_TO_32_BIT_CONVERSION = YES;
				GCC_WARN_ABOUT_RETURN_TYPE = YES_ERROR;
				GCC_WARN_UNDECLARED_SELECTOR = YES;
				GCC_WARN_UNINITIALIZED_AUTOS = YES_AGGRESSIVE;
				GCC_WARN_UNUSED_FUNCTION = YES;
				GCC_WARN_UNUSED_VARIABLE = YES;
				GENERATE_INFOPLIST_FILE = YES;
				INFOPLIST_FILE = WidgetExtension/Info.plist;
				INFOPLIST_KEY_CFBundleDisplayName = WidgetExtension;
				INFOPLIST_KEY_NSHumanReadableCopyright = "Copyright © 2025 Actito. All rights reserved.";
				IPHONEOS_DEPLOYMENT_TARGET = 16.1;
				LD_RUNPATH_SEARCH_PATHS = (
					"$(inherited)",
					"@executable_path/Frameworks",
					"@executable_path/../../Frameworks",
				);
				LOCALIZATION_PREFERS_STRING_CATALOGS = YES;
				MARKETING_VERSION = 3.0.0;
				MTL_ENABLE_DEBUG_INFO = INCLUDE_SOURCE;
				MTL_FAST_MATH = YES;
				ONLY_ACTIVE_ARCH = YES;
				PRODUCT_BUNDLE_IDENTIFIER = "com.actito.sample.app.test.dev.widget-extension";
				PRODUCT_NAME = "$(TARGET_NAME)";
				SDKROOT = iphoneos;
				SKIP_INSTALL = YES;
				SWIFT_ACTIVE_COMPILATION_CONDITIONS = "DEBUG $(inherited)";
				SWIFT_EMIT_LOC_STRINGS = YES;
				SWIFT_OPTIMIZATION_LEVEL = "-Onone";
				SWIFT_VERSION = 5.0;
				TARGETED_DEVICE_FAMILY = "1,2";
			};
			name = "Debug-Test";
		};
		E5BF8A842DCA6058008FD3DE /* Release-Production */ = {
			isa = XCBuildConfiguration;
			buildSettings = {
				ALWAYS_SEARCH_USER_PATHS = NO;
				ASSETCATALOG_COMPILER_GENERATE_SWIFT_ASSET_SYMBOL_EXTENSIONS = YES;
				ASSETCATALOG_COMPILER_GLOBAL_ACCENT_COLOR_NAME = AccentColor;
				ASSETCATALOG_COMPILER_WIDGET_BACKGROUND_COLOR_NAME = WidgetBackground;
				CLANG_ANALYZER_NONNULL = YES;
				CLANG_ANALYZER_NUMBER_OBJECT_CONVERSION = YES_AGGRESSIVE;
				CLANG_CXX_LANGUAGE_STANDARD = "gnu++20";
				CLANG_ENABLE_MODULES = YES;
				CLANG_ENABLE_OBJC_ARC = YES;
				CLANG_ENABLE_OBJC_WEAK = YES;
				CLANG_WARN_BLOCK_CAPTURE_AUTORELEASING = YES;
				CLANG_WARN_BOOL_CONVERSION = YES;
				CLANG_WARN_COMMA = YES;
				CLANG_WARN_CONSTANT_CONVERSION = YES;
				CLANG_WARN_DEPRECATED_OBJC_IMPLEMENTATIONS = YES;
				CLANG_WARN_DIRECT_OBJC_ISA_USAGE = YES_ERROR;
				CLANG_WARN_DOCUMENTATION_COMMENTS = YES;
				CLANG_WARN_EMPTY_BODY = YES;
				CLANG_WARN_ENUM_CONVERSION = YES;
				CLANG_WARN_INFINITE_RECURSION = YES;
				CLANG_WARN_INT_CONVERSION = YES;
				CLANG_WARN_NON_LITERAL_NULL_CONVERSION = YES;
				CLANG_WARN_OBJC_IMPLICIT_RETAIN_SELF = YES;
				CLANG_WARN_OBJC_LITERAL_CONVERSION = YES;
				CLANG_WARN_OBJC_ROOT_CLASS = YES_ERROR;
				CLANG_WARN_QUOTED_INCLUDE_IN_FRAMEWORK_HEADER = YES;
				CLANG_WARN_RANGE_LOOP_ANALYSIS = YES;
				CLANG_WARN_STRICT_PROTOTYPES = YES;
				CLANG_WARN_SUSPICIOUS_MOVE = YES;
				CLANG_WARN_UNGUARDED_AVAILABILITY = YES_AGGRESSIVE;
				CLANG_WARN_UNREACHABLE_CODE = YES;
				CLANG_WARN__DUPLICATE_METHOD_MATCH = YES;
				CODE_SIGN_STYLE = Automatic;
				COPY_PHASE_STRIP = NO;
				CURRENT_PROJECT_VERSION = 6;
				DEBUG_INFORMATION_FORMAT = "dwarf-with-dsym";
				DEVELOPMENT_TEAM = E3J9DDFVP4;
				ENABLE_NS_ASSERTIONS = NO;
				ENABLE_STRICT_OBJC_MSGSEND = YES;
				ENABLE_USER_SCRIPT_SANDBOXING = YES;
				GCC_C_LANGUAGE_STANDARD = gnu17;
				GCC_NO_COMMON_BLOCKS = YES;
				GCC_WARN_64_TO_32_BIT_CONVERSION = YES;
				GCC_WARN_ABOUT_RETURN_TYPE = YES_ERROR;
				GCC_WARN_UNDECLARED_SELECTOR = YES;
				GCC_WARN_UNINITIALIZED_AUTOS = YES_AGGRESSIVE;
				GCC_WARN_UNUSED_FUNCTION = YES;
				GCC_WARN_UNUSED_VARIABLE = YES;
				GENERATE_INFOPLIST_FILE = YES;
				INFOPLIST_FILE = WidgetExtension/Info.plist;
				INFOPLIST_KEY_CFBundleDisplayName = WidgetExtension;
				INFOPLIST_KEY_NSHumanReadableCopyright = "Copyright © 2025 Actito. All rights reserved.";
				IPHONEOS_DEPLOYMENT_TARGET = 16.1;
				LD_RUNPATH_SEARCH_PATHS = (
					"$(inherited)",
					"@executable_path/Frameworks",
					"@executable_path/../../Frameworks",
				);
				LOCALIZATION_PREFERS_STRING_CATALOGS = YES;
				MARKETING_VERSION = 3.0.0;
				MTL_ENABLE_DEBUG_INFO = NO;
				MTL_FAST_MATH = YES;
				PRODUCT_BUNDLE_IDENTIFIER = "com.actito.sample.app.widget-extension";
				PRODUCT_NAME = "$(TARGET_NAME)";
				SDKROOT = iphoneos;
				SKIP_INSTALL = YES;
				SWIFT_COMPILATION_MODE = wholemodule;
				SWIFT_EMIT_LOC_STRINGS = YES;
				SWIFT_VERSION = 5.0;
				TARGETED_DEVICE_FAMILY = "1,2";
				VALIDATE_PRODUCT = YES;
			};
			name = "Release-Production";
		};
		E5BF8A852DCA6058008FD3DE /* Release-Test */ = {
			isa = XCBuildConfiguration;
			buildSettings = {
				ALWAYS_SEARCH_USER_PATHS = NO;
				ASSETCATALOG_COMPILER_GENERATE_SWIFT_ASSET_SYMBOL_EXTENSIONS = YES;
				ASSETCATALOG_COMPILER_GLOBAL_ACCENT_COLOR_NAME = AccentColor;
				ASSETCATALOG_COMPILER_WIDGET_BACKGROUND_COLOR_NAME = WidgetBackground;
				CLANG_ANALYZER_NONNULL = YES;
				CLANG_ANALYZER_NUMBER_OBJECT_CONVERSION = YES_AGGRESSIVE;
				CLANG_CXX_LANGUAGE_STANDARD = "gnu++20";
				CLANG_ENABLE_MODULES = YES;
				CLANG_ENABLE_OBJC_ARC = YES;
				CLANG_ENABLE_OBJC_WEAK = YES;
				CLANG_WARN_BLOCK_CAPTURE_AUTORELEASING = YES;
				CLANG_WARN_BOOL_CONVERSION = YES;
				CLANG_WARN_COMMA = YES;
				CLANG_WARN_CONSTANT_CONVERSION = YES;
				CLANG_WARN_DEPRECATED_OBJC_IMPLEMENTATIONS = YES;
				CLANG_WARN_DIRECT_OBJC_ISA_USAGE = YES_ERROR;
				CLANG_WARN_DOCUMENTATION_COMMENTS = YES;
				CLANG_WARN_EMPTY_BODY = YES;
				CLANG_WARN_ENUM_CONVERSION = YES;
				CLANG_WARN_INFINITE_RECURSION = YES;
				CLANG_WARN_INT_CONVERSION = YES;
				CLANG_WARN_NON_LITERAL_NULL_CONVERSION = YES;
				CLANG_WARN_OBJC_IMPLICIT_RETAIN_SELF = YES;
				CLANG_WARN_OBJC_LITERAL_CONVERSION = YES;
				CLANG_WARN_OBJC_ROOT_CLASS = YES_ERROR;
				CLANG_WARN_QUOTED_INCLUDE_IN_FRAMEWORK_HEADER = YES;
				CLANG_WARN_RANGE_LOOP_ANALYSIS = YES;
				CLANG_WARN_STRICT_PROTOTYPES = YES;
				CLANG_WARN_SUSPICIOUS_MOVE = YES;
				CLANG_WARN_UNGUARDED_AVAILABILITY = YES_AGGRESSIVE;
				CLANG_WARN_UNREACHABLE_CODE = YES;
				CLANG_WARN__DUPLICATE_METHOD_MATCH = YES;
				CODE_SIGN_STYLE = Automatic;
				COPY_PHASE_STRIP = NO;
				CURRENT_PROJECT_VERSION = 6;
				DEBUG_INFORMATION_FORMAT = "dwarf-with-dsym";
				DEVELOPMENT_TEAM = E3J9DDFVP4;
				ENABLE_NS_ASSERTIONS = NO;
				ENABLE_STRICT_OBJC_MSGSEND = YES;
				ENABLE_USER_SCRIPT_SANDBOXING = YES;
				GCC_C_LANGUAGE_STANDARD = gnu17;
				GCC_NO_COMMON_BLOCKS = YES;
				GCC_WARN_64_TO_32_BIT_CONVERSION = YES;
				GCC_WARN_ABOUT_RETURN_TYPE = YES_ERROR;
				GCC_WARN_UNDECLARED_SELECTOR = YES;
				GCC_WARN_UNINITIALIZED_AUTOS = YES_AGGRESSIVE;
				GCC_WARN_UNUSED_FUNCTION = YES;
				GCC_WARN_UNUSED_VARIABLE = YES;
				GENERATE_INFOPLIST_FILE = YES;
				INFOPLIST_FILE = WidgetExtension/Info.plist;
				INFOPLIST_KEY_CFBundleDisplayName = WidgetExtension;
				INFOPLIST_KEY_NSHumanReadableCopyright = "Copyright © 2025 Actito. All rights reserved.";
				IPHONEOS_DEPLOYMENT_TARGET = 16.1;
				LD_RUNPATH_SEARCH_PATHS = (
					"$(inherited)",
					"@executable_path/Frameworks",
					"@executable_path/../../Frameworks",
				);
				LOCALIZATION_PREFERS_STRING_CATALOGS = YES;
				MARKETING_VERSION = 3.0.0;
				MTL_ENABLE_DEBUG_INFO = NO;
				MTL_FAST_MATH = YES;
				PRODUCT_BUNDLE_IDENTIFIER = "com.actito.sample.app.test.widget-extension";
				PRODUCT_NAME = "$(TARGET_NAME)";
				SDKROOT = iphoneos;
				SKIP_INSTALL = YES;
				SWIFT_COMPILATION_MODE = wholemodule;
				SWIFT_EMIT_LOC_STRINGS = YES;
				SWIFT_VERSION = 5.0;
				TARGETED_DEVICE_FAMILY = "1,2";
				VALIDATE_PRODUCT = YES;
			};
			name = "Release-Test";
		};
		E5BF8B042DCB691E008FD3DE /* Debug-Production */ = {
			isa = XCBuildConfiguration;
			buildSettings = {
				ALWAYS_SEARCH_USER_PATHS = NO;
				ASSETCATALOG_COMPILER_GENERATE_SWIFT_ASSET_SYMBOL_EXTENSIONS = YES;
				CLANG_ANALYZER_NONNULL = YES;
				CLANG_ANALYZER_NUMBER_OBJECT_CONVERSION = YES_AGGRESSIVE;
				CLANG_CXX_LANGUAGE_STANDARD = "gnu++20";
				CLANG_ENABLE_MODULES = YES;
				CLANG_ENABLE_OBJC_ARC = YES;
				CLANG_ENABLE_OBJC_WEAK = YES;
				CLANG_WARN_BLOCK_CAPTURE_AUTORELEASING = YES;
				CLANG_WARN_BOOL_CONVERSION = YES;
				CLANG_WARN_COMMA = YES;
				CLANG_WARN_CONSTANT_CONVERSION = YES;
				CLANG_WARN_DEPRECATED_OBJC_IMPLEMENTATIONS = YES;
				CLANG_WARN_DIRECT_OBJC_ISA_USAGE = YES_ERROR;
				CLANG_WARN_DOCUMENTATION_COMMENTS = YES;
				CLANG_WARN_EMPTY_BODY = YES;
				CLANG_WARN_ENUM_CONVERSION = YES;
				CLANG_WARN_INFINITE_RECURSION = YES;
				CLANG_WARN_INT_CONVERSION = YES;
				CLANG_WARN_NON_LITERAL_NULL_CONVERSION = YES;
				CLANG_WARN_OBJC_IMPLICIT_RETAIN_SELF = YES;
				CLANG_WARN_OBJC_LITERAL_CONVERSION = YES;
				CLANG_WARN_OBJC_ROOT_CLASS = YES_ERROR;
				CLANG_WARN_QUOTED_INCLUDE_IN_FRAMEWORK_HEADER = YES;
				CLANG_WARN_RANGE_LOOP_ANALYSIS = YES;
				CLANG_WARN_STRICT_PROTOTYPES = YES;
				CLANG_WARN_SUSPICIOUS_MOVE = YES;
				CLANG_WARN_UNGUARDED_AVAILABILITY = YES_AGGRESSIVE;
				CLANG_WARN_UNREACHABLE_CODE = YES;
				CLANG_WARN__DUPLICATE_METHOD_MATCH = YES;
				CODE_SIGN_STYLE = Automatic;
				COPY_PHASE_STRIP = NO;
				CURRENT_PROJECT_VERSION = 5;
				DEBUG_INFORMATION_FORMAT = dwarf;
				DEVELOPMENT_TEAM = E3J9DDFVP4;
				ENABLE_STRICT_OBJC_MSGSEND = YES;
				ENABLE_TESTABILITY = YES;
				ENABLE_USER_SCRIPT_SANDBOXING = YES;
				GCC_C_LANGUAGE_STANDARD = gnu17;
				GCC_DYNAMIC_NO_PIC = NO;
				GCC_NO_COMMON_BLOCKS = YES;
				GCC_OPTIMIZATION_LEVEL = 0;
				GCC_PREPROCESSOR_DEFINITIONS = (
					"DEBUG=1",
					"$(inherited)",
				);
				GCC_WARN_64_TO_32_BIT_CONVERSION = YES;
				GCC_WARN_ABOUT_RETURN_TYPE = YES_ERROR;
				GCC_WARN_UNDECLARED_SELECTOR = YES;
				GCC_WARN_UNINITIALIZED_AUTOS = YES_AGGRESSIVE;
				GCC_WARN_UNUSED_FUNCTION = YES;
				GCC_WARN_UNUSED_VARIABLE = YES;
				GENERATE_INFOPLIST_FILE = YES;
				INFOPLIST_FILE = NotificationService/Info.plist;
				INFOPLIST_KEY_CFBundleDisplayName = NotificationService;
				INFOPLIST_KEY_NSHumanReadableCopyright = "Copyright © 2025 Actito. All rights reserved.";
				IPHONEOS_DEPLOYMENT_TARGET = 14.0;
				LD_RUNPATH_SEARCH_PATHS = (
					"$(inherited)",
					"@executable_path/Frameworks",
					"@executable_path/../../Frameworks",
				);
				LOCALIZATION_PREFERS_STRING_CATALOGS = YES;
				MARKETING_VERSION = 3.0.0;
				MTL_ENABLE_DEBUG_INFO = INCLUDE_SOURCE;
				MTL_FAST_MATH = YES;
				ONLY_ACTIVE_ARCH = YES;
				PRODUCT_BUNDLE_IDENTIFIER = "com.actito.sample.app.dev.notification-service-extension";
				PRODUCT_NAME = "$(TARGET_NAME)";
				SDKROOT = iphoneos;
				SKIP_INSTALL = YES;
				SWIFT_ACTIVE_COMPILATION_CONDITIONS = "DEBUG $(inherited)";
				SWIFT_EMIT_LOC_STRINGS = YES;
				SWIFT_OPTIMIZATION_LEVEL = "-Onone";
				SWIFT_VERSION = 5.0;
				TARGETED_DEVICE_FAMILY = "1,2";
			};
			name = "Debug-Production";
		};
		E5BF8B052DCB691E008FD3DE /* Debug-Test */ = {
			isa = XCBuildConfiguration;
			buildSettings = {
				ALWAYS_SEARCH_USER_PATHS = NO;
				ASSETCATALOG_COMPILER_GENERATE_SWIFT_ASSET_SYMBOL_EXTENSIONS = YES;
				CLANG_ANALYZER_NONNULL = YES;
				CLANG_ANALYZER_NUMBER_OBJECT_CONVERSION = YES_AGGRESSIVE;
				CLANG_CXX_LANGUAGE_STANDARD = "gnu++20";
				CLANG_ENABLE_MODULES = YES;
				CLANG_ENABLE_OBJC_ARC = YES;
				CLANG_ENABLE_OBJC_WEAK = YES;
				CLANG_WARN_BLOCK_CAPTURE_AUTORELEASING = YES;
				CLANG_WARN_BOOL_CONVERSION = YES;
				CLANG_WARN_COMMA = YES;
				CLANG_WARN_CONSTANT_CONVERSION = YES;
				CLANG_WARN_DEPRECATED_OBJC_IMPLEMENTATIONS = YES;
				CLANG_WARN_DIRECT_OBJC_ISA_USAGE = YES_ERROR;
				CLANG_WARN_DOCUMENTATION_COMMENTS = YES;
				CLANG_WARN_EMPTY_BODY = YES;
				CLANG_WARN_ENUM_CONVERSION = YES;
				CLANG_WARN_INFINITE_RECURSION = YES;
				CLANG_WARN_INT_CONVERSION = YES;
				CLANG_WARN_NON_LITERAL_NULL_CONVERSION = YES;
				CLANG_WARN_OBJC_IMPLICIT_RETAIN_SELF = YES;
				CLANG_WARN_OBJC_LITERAL_CONVERSION = YES;
				CLANG_WARN_OBJC_ROOT_CLASS = YES_ERROR;
				CLANG_WARN_QUOTED_INCLUDE_IN_FRAMEWORK_HEADER = YES;
				CLANG_WARN_RANGE_LOOP_ANALYSIS = YES;
				CLANG_WARN_STRICT_PROTOTYPES = YES;
				CLANG_WARN_SUSPICIOUS_MOVE = YES;
				CLANG_WARN_UNGUARDED_AVAILABILITY = YES_AGGRESSIVE;
				CLANG_WARN_UNREACHABLE_CODE = YES;
				CLANG_WARN__DUPLICATE_METHOD_MATCH = YES;
				CODE_SIGN_STYLE = Automatic;
				COPY_PHASE_STRIP = NO;
				CURRENT_PROJECT_VERSION = 5;
				DEBUG_INFORMATION_FORMAT = dwarf;
				DEVELOPMENT_TEAM = E3J9DDFVP4;
				ENABLE_STRICT_OBJC_MSGSEND = YES;
				ENABLE_TESTABILITY = YES;
				ENABLE_USER_SCRIPT_SANDBOXING = YES;
				GCC_C_LANGUAGE_STANDARD = gnu17;
				GCC_DYNAMIC_NO_PIC = NO;
				GCC_NO_COMMON_BLOCKS = YES;
				GCC_OPTIMIZATION_LEVEL = 0;
				GCC_PREPROCESSOR_DEFINITIONS = (
					"DEBUG=1",
					"$(inherited)",
				);
				GCC_WARN_64_TO_32_BIT_CONVERSION = YES;
				GCC_WARN_ABOUT_RETURN_TYPE = YES_ERROR;
				GCC_WARN_UNDECLARED_SELECTOR = YES;
				GCC_WARN_UNINITIALIZED_AUTOS = YES_AGGRESSIVE;
				GCC_WARN_UNUSED_FUNCTION = YES;
				GCC_WARN_UNUSED_VARIABLE = YES;
				GENERATE_INFOPLIST_FILE = YES;
				INFOPLIST_FILE = NotificationService/Info.plist;
				INFOPLIST_KEY_CFBundleDisplayName = NotificationService;
				INFOPLIST_KEY_NSHumanReadableCopyright = "Copyright © 2025 Actito. All rights reserved.";
				IPHONEOS_DEPLOYMENT_TARGET = 14.0;
				LD_RUNPATH_SEARCH_PATHS = (
					"$(inherited)",
					"@executable_path/Frameworks",
					"@executable_path/../../Frameworks",
				);
				LOCALIZATION_PREFERS_STRING_CATALOGS = YES;
				MARKETING_VERSION = 3.0.0;
				MTL_ENABLE_DEBUG_INFO = INCLUDE_SOURCE;
				MTL_FAST_MATH = YES;
				ONLY_ACTIVE_ARCH = YES;
				PRODUCT_BUNDLE_IDENTIFIER = "com.actito.sample.app.test.dev.notification-service-extension";
				PRODUCT_NAME = "$(TARGET_NAME)";
				SDKROOT = iphoneos;
				SKIP_INSTALL = YES;
				SWIFT_ACTIVE_COMPILATION_CONDITIONS = "DEBUG $(inherited)";
				SWIFT_EMIT_LOC_STRINGS = YES;
				SWIFT_OPTIMIZATION_LEVEL = "-Onone";
				SWIFT_VERSION = 5.0;
				TARGETED_DEVICE_FAMILY = "1,2";
			};
			name = "Debug-Test";
		};
		E5BF8B062DCB691E008FD3DE /* Release-Production */ = {
			isa = XCBuildConfiguration;
			buildSettings = {
				ALWAYS_SEARCH_USER_PATHS = NO;
				ASSETCATALOG_COMPILER_GENERATE_SWIFT_ASSET_SYMBOL_EXTENSIONS = YES;
				CLANG_ANALYZER_NONNULL = YES;
				CLANG_ANALYZER_NUMBER_OBJECT_CONVERSION = YES_AGGRESSIVE;
				CLANG_CXX_LANGUAGE_STANDARD = "gnu++20";
				CLANG_ENABLE_MODULES = YES;
				CLANG_ENABLE_OBJC_ARC = YES;
				CLANG_ENABLE_OBJC_WEAK = YES;
				CLANG_WARN_BLOCK_CAPTURE_AUTORELEASING = YES;
				CLANG_WARN_BOOL_CONVERSION = YES;
				CLANG_WARN_COMMA = YES;
				CLANG_WARN_CONSTANT_CONVERSION = YES;
				CLANG_WARN_DEPRECATED_OBJC_IMPLEMENTATIONS = YES;
				CLANG_WARN_DIRECT_OBJC_ISA_USAGE = YES_ERROR;
				CLANG_WARN_DOCUMENTATION_COMMENTS = YES;
				CLANG_WARN_EMPTY_BODY = YES;
				CLANG_WARN_ENUM_CONVERSION = YES;
				CLANG_WARN_INFINITE_RECURSION = YES;
				CLANG_WARN_INT_CONVERSION = YES;
				CLANG_WARN_NON_LITERAL_NULL_CONVERSION = YES;
				CLANG_WARN_OBJC_IMPLICIT_RETAIN_SELF = YES;
				CLANG_WARN_OBJC_LITERAL_CONVERSION = YES;
				CLANG_WARN_OBJC_ROOT_CLASS = YES_ERROR;
				CLANG_WARN_QUOTED_INCLUDE_IN_FRAMEWORK_HEADER = YES;
				CLANG_WARN_RANGE_LOOP_ANALYSIS = YES;
				CLANG_WARN_STRICT_PROTOTYPES = YES;
				CLANG_WARN_SUSPICIOUS_MOVE = YES;
				CLANG_WARN_UNGUARDED_AVAILABILITY = YES_AGGRESSIVE;
				CLANG_WARN_UNREACHABLE_CODE = YES;
				CLANG_WARN__DUPLICATE_METHOD_MATCH = YES;
				CODE_SIGN_STYLE = Automatic;
				COPY_PHASE_STRIP = NO;
				CURRENT_PROJECT_VERSION = 5;
				DEBUG_INFORMATION_FORMAT = "dwarf-with-dsym";
				DEVELOPMENT_TEAM = E3J9DDFVP4;
				ENABLE_NS_ASSERTIONS = NO;
				ENABLE_STRICT_OBJC_MSGSEND = YES;
				ENABLE_USER_SCRIPT_SANDBOXING = YES;
				GCC_C_LANGUAGE_STANDARD = gnu17;
				GCC_NO_COMMON_BLOCKS = YES;
				GCC_WARN_64_TO_32_BIT_CONVERSION = YES;
				GCC_WARN_ABOUT_RETURN_TYPE = YES_ERROR;
				GCC_WARN_UNDECLARED_SELECTOR = YES;
				GCC_WARN_UNINITIALIZED_AUTOS = YES_AGGRESSIVE;
				GCC_WARN_UNUSED_FUNCTION = YES;
				GCC_WARN_UNUSED_VARIABLE = YES;
				GENERATE_INFOPLIST_FILE = YES;
				INFOPLIST_FILE = NotificationService/Info.plist;
				INFOPLIST_KEY_CFBundleDisplayName = NotificationService;
				INFOPLIST_KEY_NSHumanReadableCopyright = "Copyright © 2025 Actito. All rights reserved.";
				IPHONEOS_DEPLOYMENT_TARGET = 14.0;
				LD_RUNPATH_SEARCH_PATHS = (
					"$(inherited)",
					"@executable_path/Frameworks",
					"@executable_path/../../Frameworks",
				);
				LOCALIZATION_PREFERS_STRING_CATALOGS = YES;
				MARKETING_VERSION = 3.0.0;
				MTL_ENABLE_DEBUG_INFO = NO;
				MTL_FAST_MATH = YES;
				PRODUCT_BUNDLE_IDENTIFIER = "com.actito.sample.app.notification-service-extension";
				PRODUCT_NAME = "$(TARGET_NAME)";
				SDKROOT = iphoneos;
				SKIP_INSTALL = YES;
				SWIFT_COMPILATION_MODE = wholemodule;
				SWIFT_EMIT_LOC_STRINGS = YES;
				SWIFT_VERSION = 5.0;
				TARGETED_DEVICE_FAMILY = "1,2";
				VALIDATE_PRODUCT = YES;
			};
			name = "Release-Production";
		};
		E5BF8B072DCB691E008FD3DE /* Release-Test */ = {
			isa = XCBuildConfiguration;
			buildSettings = {
				ALWAYS_SEARCH_USER_PATHS = NO;
				ASSETCATALOG_COMPILER_GENERATE_SWIFT_ASSET_SYMBOL_EXTENSIONS = YES;
				CLANG_ANALYZER_NONNULL = YES;
				CLANG_ANALYZER_NUMBER_OBJECT_CONVERSION = YES_AGGRESSIVE;
				CLANG_CXX_LANGUAGE_STANDARD = "gnu++20";
				CLANG_ENABLE_MODULES = YES;
				CLANG_ENABLE_OBJC_ARC = YES;
				CLANG_ENABLE_OBJC_WEAK = YES;
				CLANG_WARN_BLOCK_CAPTURE_AUTORELEASING = YES;
				CLANG_WARN_BOOL_CONVERSION = YES;
				CLANG_WARN_COMMA = YES;
				CLANG_WARN_CONSTANT_CONVERSION = YES;
				CLANG_WARN_DEPRECATED_OBJC_IMPLEMENTATIONS = YES;
				CLANG_WARN_DIRECT_OBJC_ISA_USAGE = YES_ERROR;
				CLANG_WARN_DOCUMENTATION_COMMENTS = YES;
				CLANG_WARN_EMPTY_BODY = YES;
				CLANG_WARN_ENUM_CONVERSION = YES;
				CLANG_WARN_INFINITE_RECURSION = YES;
				CLANG_WARN_INT_CONVERSION = YES;
				CLANG_WARN_NON_LITERAL_NULL_CONVERSION = YES;
				CLANG_WARN_OBJC_IMPLICIT_RETAIN_SELF = YES;
				CLANG_WARN_OBJC_LITERAL_CONVERSION = YES;
				CLANG_WARN_OBJC_ROOT_CLASS = YES_ERROR;
				CLANG_WARN_QUOTED_INCLUDE_IN_FRAMEWORK_HEADER = YES;
				CLANG_WARN_RANGE_LOOP_ANALYSIS = YES;
				CLANG_WARN_STRICT_PROTOTYPES = YES;
				CLANG_WARN_SUSPICIOUS_MOVE = YES;
				CLANG_WARN_UNGUARDED_AVAILABILITY = YES_AGGRESSIVE;
				CLANG_WARN_UNREACHABLE_CODE = YES;
				CLANG_WARN__DUPLICATE_METHOD_MATCH = YES;
				CODE_SIGN_STYLE = Automatic;
				COPY_PHASE_STRIP = NO;
				CURRENT_PROJECT_VERSION = 5;
				DEBUG_INFORMATION_FORMAT = "dwarf-with-dsym";
				DEVELOPMENT_TEAM = E3J9DDFVP4;
				ENABLE_NS_ASSERTIONS = NO;
				ENABLE_STRICT_OBJC_MSGSEND = YES;
				ENABLE_USER_SCRIPT_SANDBOXING = YES;
				GCC_C_LANGUAGE_STANDARD = gnu17;
				GCC_NO_COMMON_BLOCKS = YES;
				GCC_WARN_64_TO_32_BIT_CONVERSION = YES;
				GCC_WARN_ABOUT_RETURN_TYPE = YES_ERROR;
				GCC_WARN_UNDECLARED_SELECTOR = YES;
				GCC_WARN_UNINITIALIZED_AUTOS = YES_AGGRESSIVE;
				GCC_WARN_UNUSED_FUNCTION = YES;
				GCC_WARN_UNUSED_VARIABLE = YES;
				GENERATE_INFOPLIST_FILE = YES;
				INFOPLIST_FILE = NotificationService/Info.plist;
				INFOPLIST_KEY_CFBundleDisplayName = NotificationService;
				INFOPLIST_KEY_NSHumanReadableCopyright = "Copyright © 2025 Actito. All rights reserved.";
				IPHONEOS_DEPLOYMENT_TARGET = 14.0;
				LD_RUNPATH_SEARCH_PATHS = (
					"$(inherited)",
					"@executable_path/Frameworks",
					"@executable_path/../../Frameworks",
				);
				LOCALIZATION_PREFERS_STRING_CATALOGS = YES;
				MARKETING_VERSION = 3.0.0;
				MTL_ENABLE_DEBUG_INFO = NO;
				MTL_FAST_MATH = YES;
				PRODUCT_BUNDLE_IDENTIFIER = "com.actito.sample.app.test.notification-service-extension";
				PRODUCT_NAME = "$(TARGET_NAME)";
				SDKROOT = iphoneos;
				SKIP_INSTALL = YES;
				SWIFT_COMPILATION_MODE = wholemodule;
				SWIFT_EMIT_LOC_STRINGS = YES;
				SWIFT_VERSION = 5.0;
				TARGETED_DEVICE_FAMILY = "1,2";
				VALIDATE_PRODUCT = YES;
			};
			name = "Release-Test";
		};
		F29FD20624CB1FE3004B166D /* Debug-Production */ = {
			isa = XCBuildConfiguration;
			buildSettings = {
				ALWAYS_SEARCH_USER_PATHS = NO;
				ASSETCATALOG_COMPILER_GENERATE_SWIFT_ASSET_SYMBOL_EXTENSIONS = YES;
				BUNDLE_IDENTIFIER_SUFFIX = .dev;
				CLANG_ANALYZER_NONNULL = YES;
				CLANG_ANALYZER_NUMBER_OBJECT_CONVERSION = YES_AGGRESSIVE;
				CLANG_CXX_LANGUAGE_STANDARD = "gnu++14";
				CLANG_CXX_LIBRARY = "libc++";
				CLANG_ENABLE_MODULES = YES;
				CLANG_ENABLE_OBJC_ARC = YES;
				CLANG_ENABLE_OBJC_WEAK = YES;
				CLANG_WARN_BLOCK_CAPTURE_AUTORELEASING = YES;
				CLANG_WARN_BOOL_CONVERSION = YES;
				CLANG_WARN_COMMA = YES;
				CLANG_WARN_CONSTANT_CONVERSION = YES;
				CLANG_WARN_DEPRECATED_OBJC_IMPLEMENTATIONS = YES;
				CLANG_WARN_DIRECT_OBJC_ISA_USAGE = YES_ERROR;
				CLANG_WARN_DOCUMENTATION_COMMENTS = YES;
				CLANG_WARN_EMPTY_BODY = YES;
				CLANG_WARN_ENUM_CONVERSION = YES;
				CLANG_WARN_INFINITE_RECURSION = YES;
				CLANG_WARN_INT_CONVERSION = YES;
				CLANG_WARN_NON_LITERAL_NULL_CONVERSION = YES;
				CLANG_WARN_OBJC_IMPLICIT_RETAIN_SELF = YES;
				CLANG_WARN_OBJC_LITERAL_CONVERSION = YES;
				CLANG_WARN_OBJC_ROOT_CLASS = YES_ERROR;
				CLANG_WARN_QUOTED_INCLUDE_IN_FRAMEWORK_HEADER = YES;
				CLANG_WARN_RANGE_LOOP_ANALYSIS = YES;
				CLANG_WARN_STRICT_PROTOTYPES = YES;
				CLANG_WARN_SUSPICIOUS_MOVE = YES;
				CLANG_WARN_UNGUARDED_AVAILABILITY = YES_AGGRESSIVE;
				CLANG_WARN_UNREACHABLE_CODE = YES;
				CLANG_WARN__DUPLICATE_METHOD_MATCH = YES;
				COPY_PHASE_STRIP = NO;
				CURRENT_PROJECT_VERSION = 5;
				DEBUG_INFORMATION_FORMAT = dwarf;
				ENABLE_STRICT_OBJC_MSGSEND = YES;
				ENABLE_TESTABILITY = YES;
				GCC_C_LANGUAGE_STANDARD = gnu11;
				GCC_DYNAMIC_NO_PIC = NO;
				GCC_NO_COMMON_BLOCKS = YES;
				GCC_OPTIMIZATION_LEVEL = 0;
				GCC_PREPROCESSOR_DEFINITIONS = (
					"DEBUG=1",
					"$(inherited)",
				);
				GCC_WARN_64_TO_32_BIT_CONVERSION = YES;
				GCC_WARN_ABOUT_RETURN_TYPE = YES_ERROR;
				GCC_WARN_UNDECLARED_SELECTOR = YES;
				GCC_WARN_UNINITIALIZED_AUTOS = YES_AGGRESSIVE;
				GCC_WARN_UNUSED_FUNCTION = YES;
				GCC_WARN_UNUSED_VARIABLE = YES;
				IPHONEOS_DEPLOYMENT_TARGET = 14.0;
				MARKETING_VERSION = 3.0.0;
				MTL_ENABLE_DEBUG_INFO = INCLUDE_SOURCE;
				MTL_FAST_MATH = YES;
				ONLY_ACTIVE_ARCH = YES;
				SDKROOT = iphoneos;
				SWIFT_ACTIVE_COMPILATION_CONDITIONS = DEBUG;
				SWIFT_OPTIMIZATION_LEVEL = "-Onone";
			};
			name = "Debug-Production";
		};
		F29FD20724CB1FE3004B166D /* Release-Production */ = {
			isa = XCBuildConfiguration;
			buildSettings = {
				ALWAYS_SEARCH_USER_PATHS = NO;
				ASSETCATALOG_COMPILER_GENERATE_SWIFT_ASSET_SYMBOL_EXTENSIONS = YES;
				BUNDLE_IDENTIFIER_SUFFIX = "";
				CLANG_ANALYZER_NONNULL = YES;
				CLANG_ANALYZER_NUMBER_OBJECT_CONVERSION = YES_AGGRESSIVE;
				CLANG_CXX_LANGUAGE_STANDARD = "gnu++14";
				CLANG_CXX_LIBRARY = "libc++";
				CLANG_ENABLE_MODULES = YES;
				CLANG_ENABLE_OBJC_ARC = YES;
				CLANG_ENABLE_OBJC_WEAK = YES;
				CLANG_WARN_BLOCK_CAPTURE_AUTORELEASING = YES;
				CLANG_WARN_BOOL_CONVERSION = YES;
				CLANG_WARN_COMMA = YES;
				CLANG_WARN_CONSTANT_CONVERSION = YES;
				CLANG_WARN_DEPRECATED_OBJC_IMPLEMENTATIONS = YES;
				CLANG_WARN_DIRECT_OBJC_ISA_USAGE = YES_ERROR;
				CLANG_WARN_DOCUMENTATION_COMMENTS = YES;
				CLANG_WARN_EMPTY_BODY = YES;
				CLANG_WARN_ENUM_CONVERSION = YES;
				CLANG_WARN_INFINITE_RECURSION = YES;
				CLANG_WARN_INT_CONVERSION = YES;
				CLANG_WARN_NON_LITERAL_NULL_CONVERSION = YES;
				CLANG_WARN_OBJC_IMPLICIT_RETAIN_SELF = YES;
				CLANG_WARN_OBJC_LITERAL_CONVERSION = YES;
				CLANG_WARN_OBJC_ROOT_CLASS = YES_ERROR;
				CLANG_WARN_QUOTED_INCLUDE_IN_FRAMEWORK_HEADER = YES;
				CLANG_WARN_RANGE_LOOP_ANALYSIS = YES;
				CLANG_WARN_STRICT_PROTOTYPES = YES;
				CLANG_WARN_SUSPICIOUS_MOVE = YES;
				CLANG_WARN_UNGUARDED_AVAILABILITY = YES_AGGRESSIVE;
				CLANG_WARN_UNREACHABLE_CODE = YES;
				CLANG_WARN__DUPLICATE_METHOD_MATCH = YES;
				COPY_PHASE_STRIP = NO;
				CURRENT_PROJECT_VERSION = 5;
				DEBUG_INFORMATION_FORMAT = "dwarf-with-dsym";
				ENABLE_NS_ASSERTIONS = NO;
				ENABLE_STRICT_OBJC_MSGSEND = YES;
				GCC_C_LANGUAGE_STANDARD = gnu11;
				GCC_NO_COMMON_BLOCKS = YES;
				GCC_WARN_64_TO_32_BIT_CONVERSION = YES;
				GCC_WARN_ABOUT_RETURN_TYPE = YES_ERROR;
				GCC_WARN_UNDECLARED_SELECTOR = YES;
				GCC_WARN_UNINITIALIZED_AUTOS = YES_AGGRESSIVE;
				GCC_WARN_UNUSED_FUNCTION = YES;
				GCC_WARN_UNUSED_VARIABLE = YES;
				IPHONEOS_DEPLOYMENT_TARGET = 14.0;
				MARKETING_VERSION = 3.0.0;
				MTL_ENABLE_DEBUG_INFO = NO;
				MTL_FAST_MATH = YES;
				SDKROOT = iphoneos;
				SWIFT_COMPILATION_MODE = wholemodule;
				SWIFT_OPTIMIZATION_LEVEL = "-O";
				VALIDATE_PRODUCT = YES;
			};
			name = "Release-Production";
		};
		F29FD20924CB1FE3004B166D /* Debug-Production */ = {
			isa = XCBuildConfiguration;
			buildSettings = {
				ASSETCATALOG_COMPILER_GLOBAL_ACCENT_COLOR_NAME = AccentColor;
				ASSETCATALOG_COMPILER_INCLUDE_ALL_APPICON_ASSETS = NO;
				CODE_SIGN_ENTITLEMENTS = Sample/Sample.dev.entitlements;
				CODE_SIGN_STYLE = Automatic;
				CURRENT_PROJECT_VERSION = 6;
				DEVELOPMENT_TEAM = E3J9DDFVP4;
				INFOPLIST_FILE = Sample/Info.plist;
				INFOPLIST_KEY_UILaunchScreen_Generation = NO;
				INFOPLIST_KEY_UISupportedInterfaceOrientations = "";
				LD_RUNPATH_SEARCH_PATHS = (
					"$(inherited)",
					"@executable_path/Frameworks",
				);
				PRODUCT_BUNDLE_IDENTIFIER = com.actito.sample.app.dev;
				PRODUCT_NAME = "$(TARGET_NAME)";
				SWIFT_VERSION = 5.0;
				TARGETED_DEVICE_FAMILY = "1,2";
			};
			name = "Debug-Production";
		};
		F29FD20A24CB1FE3004B166D /* Release-Production */ = {
			isa = XCBuildConfiguration;
			buildSettings = {
				ASSETCATALOG_COMPILER_GLOBAL_ACCENT_COLOR_NAME = AccentColor;
				ASSETCATALOG_COMPILER_INCLUDE_ALL_APPICON_ASSETS = NO;
				CODE_SIGN_ENTITLEMENTS = Sample/Sample.entitlements;
				CODE_SIGN_STYLE = Automatic;
				CURRENT_PROJECT_VERSION = 6;
				DEVELOPMENT_TEAM = E3J9DDFVP4;
				INFOPLIST_FILE = Sample/Info.plist;
				INFOPLIST_KEY_UILaunchScreen_Generation = NO;
				INFOPLIST_KEY_UISupportedInterfaceOrientations = "";
				LD_RUNPATH_SEARCH_PATHS = (
					"$(inherited)",
					"@executable_path/Frameworks",
				);
				PRODUCT_BUNDLE_IDENTIFIER = com.actito.sample.app;
				PRODUCT_NAME = "$(TARGET_NAME)";
				SWIFT_VERSION = 5.0;
				TARGETED_DEVICE_FAMILY = "1,2";
			};
			name = "Release-Production";
		};
		F2D0E2862AF14E910019F061 /* Debug-Test */ = {
			isa = XCBuildConfiguration;
			buildSettings = {
				ALWAYS_SEARCH_USER_PATHS = NO;
				ASSETCATALOG_COMPILER_GENERATE_SWIFT_ASSET_SYMBOL_EXTENSIONS = YES;
				BUNDLE_IDENTIFIER_SUFFIX = .test.dev;
				CLANG_ANALYZER_NONNULL = YES;
				CLANG_ANALYZER_NUMBER_OBJECT_CONVERSION = YES_AGGRESSIVE;
				CLANG_CXX_LANGUAGE_STANDARD = "gnu++14";
				CLANG_CXX_LIBRARY = "libc++";
				CLANG_ENABLE_MODULES = YES;
				CLANG_ENABLE_OBJC_ARC = YES;
				CLANG_ENABLE_OBJC_WEAK = YES;
				CLANG_WARN_BLOCK_CAPTURE_AUTORELEASING = YES;
				CLANG_WARN_BOOL_CONVERSION = YES;
				CLANG_WARN_COMMA = YES;
				CLANG_WARN_CONSTANT_CONVERSION = YES;
				CLANG_WARN_DEPRECATED_OBJC_IMPLEMENTATIONS = YES;
				CLANG_WARN_DIRECT_OBJC_ISA_USAGE = YES_ERROR;
				CLANG_WARN_DOCUMENTATION_COMMENTS = YES;
				CLANG_WARN_EMPTY_BODY = YES;
				CLANG_WARN_ENUM_CONVERSION = YES;
				CLANG_WARN_INFINITE_RECURSION = YES;
				CLANG_WARN_INT_CONVERSION = YES;
				CLANG_WARN_NON_LITERAL_NULL_CONVERSION = YES;
				CLANG_WARN_OBJC_IMPLICIT_RETAIN_SELF = YES;
				CLANG_WARN_OBJC_LITERAL_CONVERSION = YES;
				CLANG_WARN_OBJC_ROOT_CLASS = YES_ERROR;
				CLANG_WARN_QUOTED_INCLUDE_IN_FRAMEWORK_HEADER = YES;
				CLANG_WARN_RANGE_LOOP_ANALYSIS = YES;
				CLANG_WARN_STRICT_PROTOTYPES = YES;
				CLANG_WARN_SUSPICIOUS_MOVE = YES;
				CLANG_WARN_UNGUARDED_AVAILABILITY = YES_AGGRESSIVE;
				CLANG_WARN_UNREACHABLE_CODE = YES;
				CLANG_WARN__DUPLICATE_METHOD_MATCH = YES;
				COPY_PHASE_STRIP = NO;
				CURRENT_PROJECT_VERSION = 5;
				DEBUG_INFORMATION_FORMAT = dwarf;
				ENABLE_STRICT_OBJC_MSGSEND = YES;
				ENABLE_TESTABILITY = YES;
				GCC_C_LANGUAGE_STANDARD = gnu11;
				GCC_DYNAMIC_NO_PIC = NO;
				GCC_NO_COMMON_BLOCKS = YES;
				GCC_OPTIMIZATION_LEVEL = 0;
				GCC_PREPROCESSOR_DEFINITIONS = (
					"DEBUG=1",
					"$(inherited)",
				);
				GCC_WARN_64_TO_32_BIT_CONVERSION = YES;
				GCC_WARN_ABOUT_RETURN_TYPE = YES_ERROR;
				GCC_WARN_UNDECLARED_SELECTOR = YES;
				GCC_WARN_UNINITIALIZED_AUTOS = YES_AGGRESSIVE;
				GCC_WARN_UNUSED_FUNCTION = YES;
				GCC_WARN_UNUSED_VARIABLE = YES;
				IPHONEOS_DEPLOYMENT_TARGET = 14.0;
				MARKETING_VERSION = 3.0.0;
				MTL_ENABLE_DEBUG_INFO = INCLUDE_SOURCE;
				MTL_FAST_MATH = YES;
				ONLY_ACTIVE_ARCH = YES;
				SDKROOT = iphoneos;
				SWIFT_ACTIVE_COMPILATION_CONDITIONS = DEBUG;
				SWIFT_OPTIMIZATION_LEVEL = "-Onone";
			};
			name = "Debug-Test";
		};
		F2D0E2872AF14E910019F061 /* Debug-Test */ = {
			isa = XCBuildConfiguration;
			buildSettings = {
				ASSETCATALOG_COMPILER_GLOBAL_ACCENT_COLOR_NAME = AccentColor;
				ASSETCATALOG_COMPILER_INCLUDE_ALL_APPICON_ASSETS = NO;
				CODE_SIGN_ENTITLEMENTS = Sample/Sample.test.dev.entitlements;
				CODE_SIGN_STYLE = Automatic;
				CURRENT_PROJECT_VERSION = 6;
				DEVELOPMENT_TEAM = E3J9DDFVP4;
				INFOPLIST_FILE = Sample/Info.plist;
				INFOPLIST_KEY_UILaunchScreen_Generation = NO;
				INFOPLIST_KEY_UISupportedInterfaceOrientations = "";
				LD_RUNPATH_SEARCH_PATHS = (
					"$(inherited)",
					"@executable_path/Frameworks",
				);
				PRODUCT_BUNDLE_IDENTIFIER = com.actito.sample.app.test.dev;
				PRODUCT_NAME = "$(TARGET_NAME)";
				SWIFT_VERSION = 5.0;
				TARGETED_DEVICE_FAMILY = "1,2";
			};
			name = "Debug-Test";
		};
		F2EAF9162AF51D9400A2CC0C /* Release-Test */ = {
			isa = XCBuildConfiguration;
			buildSettings = {
				ALWAYS_SEARCH_USER_PATHS = NO;
				ASSETCATALOG_COMPILER_GENERATE_SWIFT_ASSET_SYMBOL_EXTENSIONS = YES;
				BUNDLE_IDENTIFIER_SUFFIX = .test;
				CLANG_ANALYZER_NONNULL = YES;
				CLANG_ANALYZER_NUMBER_OBJECT_CONVERSION = YES_AGGRESSIVE;
				CLANG_CXX_LANGUAGE_STANDARD = "gnu++14";
				CLANG_CXX_LIBRARY = "libc++";
				CLANG_ENABLE_MODULES = YES;
				CLANG_ENABLE_OBJC_ARC = YES;
				CLANG_ENABLE_OBJC_WEAK = YES;
				CLANG_WARN_BLOCK_CAPTURE_AUTORELEASING = YES;
				CLANG_WARN_BOOL_CONVERSION = YES;
				CLANG_WARN_COMMA = YES;
				CLANG_WARN_CONSTANT_CONVERSION = YES;
				CLANG_WARN_DEPRECATED_OBJC_IMPLEMENTATIONS = YES;
				CLANG_WARN_DIRECT_OBJC_ISA_USAGE = YES_ERROR;
				CLANG_WARN_DOCUMENTATION_COMMENTS = YES;
				CLANG_WARN_EMPTY_BODY = YES;
				CLANG_WARN_ENUM_CONVERSION = YES;
				CLANG_WARN_INFINITE_RECURSION = YES;
				CLANG_WARN_INT_CONVERSION = YES;
				CLANG_WARN_NON_LITERAL_NULL_CONVERSION = YES;
				CLANG_WARN_OBJC_IMPLICIT_RETAIN_SELF = YES;
				CLANG_WARN_OBJC_LITERAL_CONVERSION = YES;
				CLANG_WARN_OBJC_ROOT_CLASS = YES_ERROR;
				CLANG_WARN_QUOTED_INCLUDE_IN_FRAMEWORK_HEADER = YES;
				CLANG_WARN_RANGE_LOOP_ANALYSIS = YES;
				CLANG_WARN_STRICT_PROTOTYPES = YES;
				CLANG_WARN_SUSPICIOUS_MOVE = YES;
				CLANG_WARN_UNGUARDED_AVAILABILITY = YES_AGGRESSIVE;
				CLANG_WARN_UNREACHABLE_CODE = YES;
				CLANG_WARN__DUPLICATE_METHOD_MATCH = YES;
				COPY_PHASE_STRIP = NO;
				CURRENT_PROJECT_VERSION = 5;
				DEBUG_INFORMATION_FORMAT = "dwarf-with-dsym";
				ENABLE_NS_ASSERTIONS = NO;
				ENABLE_STRICT_OBJC_MSGSEND = YES;
				GCC_C_LANGUAGE_STANDARD = gnu11;
				GCC_NO_COMMON_BLOCKS = YES;
				GCC_WARN_64_TO_32_BIT_CONVERSION = YES;
				GCC_WARN_ABOUT_RETURN_TYPE = YES_ERROR;
				GCC_WARN_UNDECLARED_SELECTOR = YES;
				GCC_WARN_UNINITIALIZED_AUTOS = YES_AGGRESSIVE;
				GCC_WARN_UNUSED_FUNCTION = YES;
				GCC_WARN_UNUSED_VARIABLE = YES;
				IPHONEOS_DEPLOYMENT_TARGET = 14.0;
				MARKETING_VERSION = 3.0.0;
				MTL_ENABLE_DEBUG_INFO = NO;
				MTL_FAST_MATH = YES;
				SDKROOT = iphoneos;
				SWIFT_COMPILATION_MODE = wholemodule;
				SWIFT_OPTIMIZATION_LEVEL = "-O";
				VALIDATE_PRODUCT = YES;
			};
			name = "Release-Test";
		};
		F2EAF9172AF51D9400A2CC0C /* Release-Test */ = {
			isa = XCBuildConfiguration;
			buildSettings = {
				ASSETCATALOG_COMPILER_GLOBAL_ACCENT_COLOR_NAME = AccentColor;
				ASSETCATALOG_COMPILER_INCLUDE_ALL_APPICON_ASSETS = NO;
				CODE_SIGN_ENTITLEMENTS = Sample/Sample.test.entitlements;
				CODE_SIGN_STYLE = Automatic;
				CURRENT_PROJECT_VERSION = 6;
				DEVELOPMENT_TEAM = E3J9DDFVP4;
				INFOPLIST_FILE = Sample/Info.plist;
				INFOPLIST_KEY_UILaunchScreen_Generation = NO;
				INFOPLIST_KEY_UISupportedInterfaceOrientations = "";
				LD_RUNPATH_SEARCH_PATHS = (
					"$(inherited)",
					"@executable_path/Frameworks",
				);
				PRODUCT_BUNDLE_IDENTIFIER = com.actito.sample.app.test;
				PRODUCT_NAME = "$(TARGET_NAME)";
				SWIFT_VERSION = 5.0;
				TARGETED_DEVICE_FAMILY = "1,2";
			};
			name = "Release-Test";
		};
/* End XCBuildConfiguration section */

/* Begin XCConfigurationList section */
		E5BF8A812DCA6058008FD3DE /* Build configuration list for PBXNativeTarget "WidgetExtension" */ = {
			isa = XCConfigurationList;
			buildConfigurations = (
				E5BF8A822DCA6058008FD3DE /* Debug-Production */,
				E5BF8A832DCA6058008FD3DE /* Debug-Test */,
				E5BF8A842DCA6058008FD3DE /* Release-Production */,
				E5BF8A852DCA6058008FD3DE /* Release-Test */,
			);
			defaultConfigurationIsVisible = 0;
			defaultConfigurationName = "Release-Production";
		};
		E5BF8B092DCB691E008FD3DE /* Build configuration list for PBXNativeTarget "NotificationService" */ = {
			isa = XCConfigurationList;
			buildConfigurations = (
				E5BF8B042DCB691E008FD3DE /* Debug-Production */,
				E5BF8B052DCB691E008FD3DE /* Debug-Test */,
				E5BF8B062DCB691E008FD3DE /* Release-Production */,
				E5BF8B072DCB691E008FD3DE /* Release-Test */,
			);
			defaultConfigurationIsVisible = 0;
			defaultConfigurationName = "Release-Production";
		};
		F29FD1EF24CB1FE1004B166D /* Build configuration list for PBXProject "Sample" */ = {
			isa = XCConfigurationList;
			buildConfigurations = (
				F29FD20624CB1FE3004B166D /* Debug-Production */,
				F2D0E2862AF14E910019F061 /* Debug-Test */,
				F29FD20724CB1FE3004B166D /* Release-Production */,
				F2EAF9162AF51D9400A2CC0C /* Release-Test */,
			);
			defaultConfigurationIsVisible = 0;
			defaultConfigurationName = "Release-Production";
		};
		F29FD20824CB1FE3004B166D /* Build configuration list for PBXNativeTarget "Sample" */ = {
			isa = XCConfigurationList;
			buildConfigurations = (
				F29FD20924CB1FE3004B166D /* Debug-Production */,
				F2D0E2872AF14E910019F061 /* Debug-Test */,
				F29FD20A24CB1FE3004B166D /* Release-Production */,
				F2EAF9172AF51D9400A2CC0C /* Release-Test */,
			);
			defaultConfigurationIsVisible = 0;
			defaultConfigurationName = "Release-Production";
		};
/* End XCConfigurationList section */

/* Begin XCRemoteSwiftPackageReference section */
		1A8C30EF2BF639940000BFA6 /* XCRemoteSwiftPackageReference "SwiftLint" */ = {
			isa = XCRemoteSwiftPackageReference;
			repositoryURL = "https://github.com/realm/SwiftLint";
			requirement = {
				kind = upToNextMajorVersion;
				minimumVersion = 0.55.0;
			};
		};
/* End XCRemoteSwiftPackageReference section */

/* Begin XCSwiftPackageProductDependency section */
		1AD52A272DE75F09006C7D88 /* SwiftLintBuildToolPlugin */ = {
			isa = XCSwiftPackageProductDependency;
			package = 1A8C30EF2BF639940000BFA6 /* XCRemoteSwiftPackageReference "SwiftLint" */;
			productName = "plugin:SwiftLintBuildToolPlugin";
		};
/* End XCSwiftPackageProductDependency section */
	};
	rootObject = F29FD1EC24CB1FE1004B166D /* Project object */;
}
